// !$*UTF8*$!
{
	archiveVersion = 1;
	classes = {
	};
	objectVersion = 52;
	objects = {

/* Begin PBXBuildFile section */
		5B0AF8B527B2C8290096FE54 /* StringExtension.swift in Sources */ = {isa = PBXBuildFile; fileRef = 5B0AF8B427B2C8290096FE54 /* StringExtension.swift */; };
		5B11328927B94CFB00E58451 /* AppleKeyboardConverter.swift in Sources */ = {isa = PBXBuildFile; fileRef = 5B11328827B94CFB00E58451 /* AppleKeyboardConverter.swift */; };
		5B2DB16F27AF6891006D874E /* data-chs.txt in Resources */ = {isa = PBXBuildFile; fileRef = 5B2DB16D27AF6891006D874E /* data-chs.txt */; };
		5B2DB17027AF6891006D874E /* data-cht.txt in Resources */ = {isa = PBXBuildFile; fileRef = 5B2DB16E27AF6891006D874E /* data-cht.txt */; };
		5B30F11327BA568800484E24 /* vChewingKeyLayout.bundle in Resources */ = {isa = PBXBuildFile; fileRef = 5B30F11227BA568800484E24 /* vChewingKeyLayout.bundle */; };
		5B62A31727AE73A700A19448 /* unzip.m in Sources */ = {isa = PBXBuildFile; fileRef = 5B62A30927AE73A700A19448 /* unzip.m */; };
		5B62A31827AE73A700A19448 /* zip.m in Sources */ = {isa = PBXBuildFile; fileRef = 5B62A30A27AE73A700A19448 /* zip.m */; };
		5B62A31927AE73A700A19448 /* ioapi.m in Sources */ = {isa = PBXBuildFile; fileRef = 5B62A30B27AE73A700A19448 /* ioapi.m */; };
		5B62A31A27AE73A700A19448 /* mztools.m in Sources */ = {isa = PBXBuildFile; fileRef = 5B62A30C27AE73A700A19448 /* mztools.m */; };
		5B62A31B27AE73A700A19448 /* SSZipArchive.m in Sources */ = {isa = PBXBuildFile; fileRef = 5B62A31327AE73A700A19448 /* SSZipArchive.m */; };
		5B62A31C27AE73A700A19448 /* AWFileHash.m in Sources */ = {isa = PBXBuildFile; fileRef = 5B62A31627AE73A700A19448 /* AWFileHash.m */; };
		5B62A32927AE77D100A19448 /* FSEventStreamHelper.swift in Sources */ = {isa = PBXBuildFile; fileRef = 5B62A32827AE77D100A19448 /* FSEventStreamHelper.swift */; };
		5B62A32E27AE78B000A19448 /* CNSLM.mm in Sources */ = {isa = PBXBuildFile; fileRef = 5B62A32A27AE78B000A19448 /* CNSLM.mm */; };
		5B62A32F27AE78B000A19448 /* CoreLM.mm in Sources */ = {isa = PBXBuildFile; fileRef = 5B62A32D27AE78B000A19448 /* CoreLM.mm */; };
		5B62A33227AE792F00A19448 /* InputSourceHelper.swift in Sources */ = {isa = PBXBuildFile; fileRef = 5B62A33127AE792F00A19448 /* InputSourceHelper.swift */; };
		5B62A33627AE795800A19448 /* PreferencesModule.swift in Sources */ = {isa = PBXBuildFile; fileRef = 5B62A33527AE795800A19448 /* PreferencesModule.swift */; };
		5B62A33827AE79CD00A19448 /* NSStringUtils.swift in Sources */ = {isa = PBXBuildFile; fileRef = 5B62A33727AE79CD00A19448 /* NSStringUtils.swift */; };
		5B62A33D27AE7CC100A19448 /* ctlAboutWindow.swift in Sources */ = {isa = PBXBuildFile; fileRef = 5B62A33C27AE7CC100A19448 /* ctlAboutWindow.swift */; };
		5B62A34627AE7CD900A19448 /* HorizontalCandidateController.swift in Sources */ = {isa = PBXBuildFile; fileRef = 5B62A33F27AE7CD900A19448 /* HorizontalCandidateController.swift */; };
		5B62A34727AE7CD900A19448 /* CandidateController.swift in Sources */ = {isa = PBXBuildFile; fileRef = 5B62A34027AE7CD900A19448 /* CandidateController.swift */; };
		5B62A34827AE7CD900A19448 /* VerticalCandidateController.swift in Sources */ = {isa = PBXBuildFile; fileRef = 5B62A34127AE7CD900A19448 /* VerticalCandidateController.swift */; };
		5B62A34927AE7CD900A19448 /* TooltipController.swift in Sources */ = {isa = PBXBuildFile; fileRef = 5B62A34327AE7CD900A19448 /* TooltipController.swift */; };
		5B62A34A27AE7CD900A19448 /* NotifierController.swift in Sources */ = {isa = PBXBuildFile; fileRef = 5B62A34527AE7CD900A19448 /* NotifierController.swift */; };
		5B62A35227AE822400A19448 /* OpenCC in Frameworks */ = {isa = PBXBuildFile; productRef = 5B62A35127AE822400A19448 /* OpenCC */; };
		5B62A35327AE89C400A19448 /* InputSourceHelper.swift in Sources */ = {isa = PBXBuildFile; fileRef = 5B62A33127AE792F00A19448 /* InputSourceHelper.swift */; };
		5B73FB5E27B2BE1300E9BF49 /* InfoPlist.strings in Resources */ = {isa = PBXBuildFile; fileRef = 5B73FB6027B2BE1300E9BF49 /* InfoPlist.strings */; };
		5B7BC4B027AFFBE800F66C24 /* frmPrefWindow.xib in Resources */ = {isa = PBXBuildFile; fileRef = 5B7BC4AE27AFFBE800F66C24 /* frmPrefWindow.xib */; };
		5BBBB75F27AED54C0023B93A /* Beep.m4a in Resources */ = {isa = PBXBuildFile; fileRef = 5BBBB75D27AED54C0023B93A /* Beep.m4a */; };
		5BBBB76027AED54C0023B93A /* Fart.m4a in Resources */ = {isa = PBXBuildFile; fileRef = 5BBBB75E27AED54C0023B93A /* Fart.m4a */; };
		5BBBB76B27AED5DB0023B93A /* frmNonModalAlertWindow.xib in Resources */ = {isa = PBXBuildFile; fileRef = 5BBBB76527AED5DB0023B93A /* frmNonModalAlertWindow.xib */; };
		5BBBB76D27AED5DB0023B93A /* frmAboutWindow.xib in Resources */ = {isa = PBXBuildFile; fileRef = 5BBBB76927AED5DB0023B93A /* frmAboutWindow.xib */; };
		5BBBB77327AED70B0023B93A /* MenuIcon-TCVIM@2x.png in Resources */ = {isa = PBXBuildFile; fileRef = 5BBBB76F27AED70B0023B93A /* MenuIcon-TCVIM@2x.png */; };
		5BBBB77427AED70B0023B93A /* MenuIcon-SCVIM@2x.png in Resources */ = {isa = PBXBuildFile; fileRef = 5BBBB77027AED70B0023B93A /* MenuIcon-SCVIM@2x.png */; };
		5BBBB77527AED70B0023B93A /* MenuIcon-SCVIM.png in Resources */ = {isa = PBXBuildFile; fileRef = 5BBBB77127AED70B0023B93A /* MenuIcon-SCVIM.png */; };
		5BBBB77627AED70B0023B93A /* MenuIcon-TCVIM.png in Resources */ = {isa = PBXBuildFile; fileRef = 5BBBB77227AED70B0023B93A /* MenuIcon-TCVIM.png */; };
		5BBBB77A27AEDC690023B93A /* clsSFX.swift in Sources */ = {isa = PBXBuildFile; fileRef = 5BBBB77927AEDC690023B93A /* clsSFX.swift */; };
		5BD05B8127B22F3C004C4F1D /* char-kanji-cns.txt in Resources */ = {isa = PBXBuildFile; fileRef = 5BD05B8027B22F3C004C4F1D /* char-kanji-cns.txt */; };
		5BD05BCA27B2A43D004C4F1D /* Images.xcassets in Resources */ = {isa = PBXBuildFile; fileRef = 6A2E40F5253A69DA00D1AE1D /* Images.xcassets */; };
		5BD05C5D27B2BBA9004C4F1D /* Main.storyboard in Resources */ = {isa = PBXBuildFile; fileRef = 5BD05C5B27B2BBA9004C4F1D /* Main.storyboard */; };
		5BD05C6627B2BBEF004C4F1D /* Document.swift in Sources */ = {isa = PBXBuildFile; fileRef = 5BD05C6127B2BBEF004C4F1D /* Document.swift */; };
		5BD05C6727B2BBEF004C4F1D /* AppDelegate.swift in Sources */ = {isa = PBXBuildFile; fileRef = 5BD05C6227B2BBEF004C4F1D /* AppDelegate.swift */; };
		5BD05C6827B2BBEF004C4F1D /* Content.swift in Sources */ = {isa = PBXBuildFile; fileRef = 5BD05C6327B2BBEF004C4F1D /* Content.swift */; };
		5BD05C6927B2BBEF004C4F1D /* WindowController.swift in Sources */ = {isa = PBXBuildFile; fileRef = 5BD05C6427B2BBEF004C4F1D /* WindowController.swift */; };
		5BD05C6A27B2BBEF004C4F1D /* ViewController.swift in Sources */ = {isa = PBXBuildFile; fileRef = 5BD05C6527B2BBEF004C4F1D /* ViewController.swift */; };
		5BDCBB2E27B4E67A00D0CC59 /* vChewingPhraseEditor.app in Resources */ = {isa = PBXBuildFile; fileRef = 5BD05BB827B2A429004C4F1D /* vChewingPhraseEditor.app */; };
		5BE78BD927B3775B005EA1BE /* ctlAboutWindow.swift in Sources */ = {isa = PBXBuildFile; fileRef = 5BE78BD827B37750005EA1BE /* ctlAboutWindow.swift */; };
		5BE78BDD27B3776D005EA1BE /* frmAboutWindow.xib in Resources */ = {isa = PBXBuildFile; fileRef = 5BE78BDA27B37764005EA1BE /* frmAboutWindow.xib */; };
		5BE78BE027B38804005EA1BE /* LMConsolidator.mm in Sources */ = {isa = PBXBuildFile; fileRef = 5B62A32727AE77BB00A19448 /* LMConsolidator.mm */; };
		5BF8423127BAA942008E7E4C /* vChewingKanjiConverter.swift in Sources */ = {isa = PBXBuildFile; fileRef = 5BF8423027BAA942008E7E4C /* vChewingKanjiConverter.swift */; };
		6A0D4F4515FC0EB100ABF4B3 /* Mandarin.cpp in Sources */ = {isa = PBXBuildFile; fileRef = 6A0D4F2015FC0EB100ABF4B3 /* Mandarin.cpp */; };
		6A187E2616004C5900466B2E /* MainMenu.xib in Resources */ = {isa = PBXBuildFile; fileRef = 6A187E2816004C5900466B2E /* MainMenu.xib */; };
		6A225A1F23679F2600F685C6 /* NotarizedArchives in Resources */ = {isa = PBXBuildFile; fileRef = 6A225A1E23679F2600F685C6 /* NotarizedArchives */; };
		6A2E40F6253A69DA00D1AE1D /* Images.xcassets in Resources */ = {isa = PBXBuildFile; fileRef = 6A2E40F5253A69DA00D1AE1D /* Images.xcassets */; };
		6A2E40F9253A6AA000D1AE1D /* Images.xcassets in Resources */ = {isa = PBXBuildFile; fileRef = 6A2E40F5253A69DA00D1AE1D /* Images.xcassets */; };
		6ACA41FA15FC1D9000935EF6 /* InfoPlist.strings in Resources */ = {isa = PBXBuildFile; fileRef = 6ACA41EA15FC1D9000935EF6 /* InfoPlist.strings */; };
		6ACA41FC15FC1D9000935EF6 /* Localizable.strings in Resources */ = {isa = PBXBuildFile; fileRef = 6ACA41EE15FC1D9000935EF6 /* Localizable.strings */; };
		6ACA41FD15FC1D9000935EF6 /* MainMenu.xib in Resources */ = {isa = PBXBuildFile; fileRef = 6ACA41F015FC1D9000935EF6 /* MainMenu.xib */; };
		6ACA420215FC1E5200935EF6 /* vChewing.app in Resources */ = {isa = PBXBuildFile; fileRef = 6A0D4EA215FC0D2D00ABF4B3 /* vChewing.app */; };
		6ACC3D3F27914F2400F1B140 /* KeyValueBlobReader.cpp in Sources */ = {isa = PBXBuildFile; fileRef = 6ACC3D3E27914F2400F1B140 /* KeyValueBlobReader.cpp */; };
		6ACC3D442793701600F1B140 /* ParselessPhraseDB.cpp in Sources */ = {isa = PBXBuildFile; fileRef = 6ACC3D402793701600F1B140 /* ParselessPhraseDB.cpp */; };
		6ACC3D452793701600F1B140 /* ParselessLM.cpp in Sources */ = {isa = PBXBuildFile; fileRef = 6ACC3D422793701600F1B140 /* ParselessLM.cpp */; };
		D41355D8278D74B5005E5CBD /* mgrLangModel.mm in Sources */ = {isa = PBXBuildFile; fileRef = D41355D7278D7409005E5CBD /* mgrLangModel.mm */; };
		D41355DB278E6D17005E5CBD /* vChewingLM.mm in Sources */ = {isa = PBXBuildFile; fileRef = D41355D9278E6D17005E5CBD /* vChewingLM.mm */; };
		D41355DE278EA3ED005E5CBD /* UserPhrasesLM.mm in Sources */ = {isa = PBXBuildFile; fileRef = D41355DC278EA3ED005E5CBD /* UserPhrasesLM.mm */; };
		D427F76C278CA2B0004A2160 /* AppDelegate.swift in Sources */ = {isa = PBXBuildFile; fileRef = D427F76B278CA1BA004A2160 /* AppDelegate.swift */; };
		D44FB74D2792189A003C80A6 /* PhraseReplacementMap.mm in Sources */ = {isa = PBXBuildFile; fileRef = D44FB74B2792189A003C80A6 /* PhraseReplacementMap.mm */; };
		D456576E279E4F7B00DF6BC9 /* KeyHandlerInput.swift in Sources */ = {isa = PBXBuildFile; fileRef = D456576D279E4F7B00DF6BC9 /* KeyHandlerInput.swift */; };
		D461B792279DAC010070E734 /* InputState.swift in Sources */ = {isa = PBXBuildFile; fileRef = D461B791279DAC010070E734 /* InputState.swift */; };
		D47B92C027972AD100458394 /* main.swift in Sources */ = {isa = PBXBuildFile; fileRef = D47B92BF27972AC800458394 /* main.swift */; };
		D47D73AC27A6CAE600255A50 /* AssociatedPhrases.mm in Sources */ = {isa = PBXBuildFile; fileRef = D47D73AA27A6CAE600255A50 /* AssociatedPhrases.mm */; };
		D47F7DCE278BFB57002F9DD7 /* ctlPrefWindow.swift in Sources */ = {isa = PBXBuildFile; fileRef = D47F7DCD278BFB57002F9DD7 /* ctlPrefWindow.swift */; };
		D47F7DD0278C0897002F9DD7 /* ctlNonModalAlertWindow.swift in Sources */ = {isa = PBXBuildFile; fileRef = D47F7DCF278C0897002F9DD7 /* ctlNonModalAlertWindow.swift */; };
		D47F7DD3278C1263002F9DD7 /* UserOverrideModel.cpp in Sources */ = {isa = PBXBuildFile; fileRef = D47F7DD2278C1263002F9DD7 /* UserOverrideModel.cpp */; };
		D4A13D5A27A59F0B003BE359 /* ctlInputMethod.swift in Sources */ = {isa = PBXBuildFile; fileRef = D4A13D5927A59D5C003BE359 /* ctlInputMethod.swift */; };
		D4E33D8A27A838CF006DB1CF /* Localizable.strings in Resources */ = {isa = PBXBuildFile; fileRef = D4E33D8827A838CF006DB1CF /* Localizable.strings */; };
		D4E33D8F27A838F0006DB1CF /* InfoPlist.strings in Resources */ = {isa = PBXBuildFile; fileRef = D4E33D8D27A838F0006DB1CF /* InfoPlist.strings */; };
		D4E569DC27A34D0E00AC2CEF /* KeyHandler.mm in Sources */ = {isa = PBXBuildFile; fileRef = D4E569DB27A34CC100AC2CEF /* KeyHandler.mm */; };
		D4F0BBDF279AF1AF0071253C /* ArchiveUtil.swift in Sources */ = {isa = PBXBuildFile; fileRef = D4F0BBDE279AF1AF0071253C /* ArchiveUtil.swift */; };
		D4F0BBE1279AF8B30071253C /* AppDelegate.swift in Sources */ = {isa = PBXBuildFile; fileRef = D4F0BBE0279AF8B30071253C /* AppDelegate.swift */; };
		D4F0BBE4279B08900071253C /* Chronosphere.m in Sources */ = {isa = PBXBuildFile; fileRef = D4F0BBE3279B08900071253C /* Chronosphere.m */; };
/* End PBXBuildFile section */

/* Begin PBXContainerItemProxy section */
		5B0AF8B227B2C4E20096FE54 /* PBXContainerItemProxy */ = {
			isa = PBXContainerItemProxy;
			containerPortal = 6A0D4E9415FC0CFA00ABF4B3 /* Project object */;
			proxyType = 1;
			remoteGlobalIDString = 5BD05BB727B2A429004C4F1D;
			remoteInfo = vChewingPhraseEditor;
		};
		6A38BC2515FC131100A8A51F /* PBXContainerItemProxy */ = {
			isa = PBXContainerItemProxy;
			containerPortal = 6A0D4E9415FC0CFA00ABF4B3 /* Project object */;
			proxyType = 1;
			remoteGlobalIDString = 6A38BC2115FC12FD00A8A51F;
			remoteInfo = Data;
		};
		6ACA420015FC1DCC00935EF6 /* PBXContainerItemProxy */ = {
			isa = PBXContainerItemProxy;
			containerPortal = 6A0D4E9415FC0CFA00ABF4B3 /* Project object */;
			proxyType = 1;
			remoteGlobalIDString = 6A0D4EA115FC0D2D00ABF4B3;
			remoteInfo = vChewing;
		};
/* End PBXContainerItemProxy section */

/* Begin PBXFileReference section */
		5B04305327B529D800CB65BC /* zh-Hans */ = {isa = PBXFileReference; lastKnownFileType = text.plist.strings; name = "zh-Hans"; path = "zh-Hans.lproj/InfoPlist.strings"; sourceTree = "<group>"; };
		5B04305427B529D800CB65BC /* zh-Hans */ = {isa = PBXFileReference; lastKnownFileType = text.plist.strings; name = "zh-Hans"; path = "zh-Hans.lproj/Localizable.strings"; sourceTree = "<group>"; };
		5B04305527B529D800CB65BC /* zh-Hans */ = {isa = PBXFileReference; lastKnownFileType = text.plist.strings; name = "zh-Hans"; path = "zh-Hans.lproj/MainMenu.strings"; sourceTree = "<group>"; };
		5B04305627B529D800CB65BC /* zh-Hans */ = {isa = PBXFileReference; lastKnownFileType = text.plist.strings; name = "zh-Hans"; path = "zh-Hans.lproj/InfoPlist.strings"; sourceTree = "<group>"; };
		5B04305727B529D800CB65BC /* zh-Hans */ = {isa = PBXFileReference; lastKnownFileType = text.plist.strings; name = "zh-Hans"; path = "zh-Hans.lproj/Localizable.strings"; sourceTree = "<group>"; };
		5B04305827B529D800CB65BC /* zh-Hans */ = {isa = PBXFileReference; lastKnownFileType = text.plist.strings; name = "zh-Hans"; path = "zh-Hans.lproj/frmAboutWindow.strings"; sourceTree = "<group>"; };
		5B04305927B529D800CB65BC /* zh-Hans */ = {isa = PBXFileReference; lastKnownFileType = text.plist.strings; name = "zh-Hans"; path = "Source/WindowNIBs/zh-Hans.lproj/frmPrefWindow.strings"; sourceTree = "<group>"; };
		5B04305B27B529D900CB65BC /* zh-Hans */ = {isa = PBXFileReference; lastKnownFileType = text.plist.strings; name = "zh-Hans"; path = "zh-Hans.lproj/frmAboutWindow.strings"; sourceTree = "<group>"; };
		5B04305C27B529D900CB65BC /* zh-Hans */ = {isa = PBXFileReference; lastKnownFileType = text.plist.strings; name = "zh-Hans"; path = "zh-Hans.lproj/InfoPlist.strings"; sourceTree = "<group>"; };
		5B04305D27B529D900CB65BC /* zh-Hans */ = {isa = PBXFileReference; lastKnownFileType = text.plist.strings; name = "zh-Hans"; path = "zh-Hans.lproj/Main.strings"; sourceTree = "<group>"; };
		5B04305E27B5312E00CB65BC /* ja */ = {isa = PBXFileReference; lastKnownFileType = text.plist.strings; name = ja; path = ja.lproj/InfoPlist.strings; sourceTree = "<group>"; };
		5B04305F27B5312E00CB65BC /* ja */ = {isa = PBXFileReference; lastKnownFileType = text.plist.strings; name = ja; path = ja.lproj/Localizable.strings; sourceTree = "<group>"; };
		5B04306027B5312E00CB65BC /* ja */ = {isa = PBXFileReference; lastKnownFileType = text.plist.strings; name = ja; path = ja.lproj/MainMenu.strings; sourceTree = "<group>"; };
		5B04306127B5312E00CB65BC /* ja */ = {isa = PBXFileReference; lastKnownFileType = text.plist.strings; name = ja; path = ja.lproj/InfoPlist.strings; sourceTree = "<group>"; };
		5B04306227B5312E00CB65BC /* ja */ = {isa = PBXFileReference; lastKnownFileType = text.plist.strings; name = ja; path = ja.lproj/Localizable.strings; sourceTree = "<group>"; };
		5B04306327B5312E00CB65BC /* ja */ = {isa = PBXFileReference; lastKnownFileType = text.plist.strings; name = ja; path = ja.lproj/frmAboutWindow.strings; sourceTree = "<group>"; };
		5B04306427B5312E00CB65BC /* ja */ = {isa = PBXFileReference; lastKnownFileType = text.plist.strings; name = ja; path = Source/WindowNIBs/ja.lproj/frmPrefWindow.strings; sourceTree = "<group>"; };
		5B04306527B5312E00CB65BC /* ja */ = {isa = PBXFileReference; lastKnownFileType = text.plist.strings; name = ja; path = ja.lproj/frmAboutWindow.strings; sourceTree = "<group>"; };
		5B04306627B5312E00CB65BC /* ja */ = {isa = PBXFileReference; lastKnownFileType = text.plist.strings; name = ja; path = ja.lproj/InfoPlist.strings; sourceTree = "<group>"; };
		5B04306727B5312E00CB65BC /* ja */ = {isa = PBXFileReference; lastKnownFileType = text.plist.strings; name = ja; path = ja.lproj/Main.strings; sourceTree = "<group>"; };
		5B05A47B27AFF7CA00437698 /* en */ = {isa = PBXFileReference; lastKnownFileType = text.plist.strings; name = en; path = en.lproj/InfoPlist.strings; sourceTree = "<group>"; };
		5B05A47C27AFF7CF00437698 /* en */ = {isa = PBXFileReference; lastKnownFileType = text.plist.strings; name = en; path = en.lproj/Localizable.strings; sourceTree = "<group>"; };
		5B05A47F27AFF84200437698 /* en */ = {isa = PBXFileReference; lastKnownFileType = text.plist.strings; name = en; path = en.lproj/frmAboutWindow.strings; sourceTree = "<group>"; };
		5B0AF8B427B2C8290096FE54 /* StringExtension.swift */ = {isa = PBXFileReference; lastKnownFileType = sourcecode.swift; path = StringExtension.swift; sourceTree = "<group>"; };
		5B0CF37F27AD476E00784B08 /* SwiftyOpenCC */ = {isa = PBXFileReference; lastKnownFileType = wrapper; name = SwiftyOpenCC; path = Packages/SwiftyOpenCC; sourceTree = "<group>"; };
		5B11328827B94CFB00E58451 /* AppleKeyboardConverter.swift */ = {isa = PBXFileReference; lastKnownFileType = sourcecode.swift; path = AppleKeyboardConverter.swift; sourceTree = "<group>"; };
		5B2DB16D27AF6891006D874E /* data-chs.txt */ = {isa = PBXFileReference; fileEncoding = 4; lastKnownFileType = text; name = "data-chs.txt"; path = "Data/data-chs.txt"; sourceTree = "<group>"; };
		5B2DB16E27AF6891006D874E /* data-cht.txt */ = {isa = PBXFileReference; fileEncoding = 4; lastKnownFileType = text; name = "data-cht.txt"; path = "Data/data-cht.txt"; sourceTree = "<group>"; };
		5B2DB17127AF8771006D874E /* Makefile */ = {isa = PBXFileReference; fileEncoding = 4; lastKnownFileType = sourcecode.make; name = Makefile; path = Data/Makefile; sourceTree = "<group>"; };
		5B30F11227BA568800484E24 /* vChewingKeyLayout.bundle */ = {isa = PBXFileReference; lastKnownFileType = "wrapper.plug-in"; path = vChewingKeyLayout.bundle; sourceTree = "<group>"; };
		5B62A30927AE73A700A19448 /* unzip.m */ = {isa = PBXFileReference; fileEncoding = 4; lastKnownFileType = sourcecode.c.objc; path = unzip.m; sourceTree = "<group>"; };
		5B62A30A27AE73A700A19448 /* zip.m */ = {isa = PBXFileReference; fileEncoding = 4; lastKnownFileType = sourcecode.c.objc; path = zip.m; sourceTree = "<group>"; };
		5B62A30B27AE73A700A19448 /* ioapi.m */ = {isa = PBXFileReference; fileEncoding = 4; lastKnownFileType = sourcecode.c.objc; path = ioapi.m; sourceTree = "<group>"; };
		5B62A30C27AE73A700A19448 /* mztools.m */ = {isa = PBXFileReference; fileEncoding = 4; lastKnownFileType = sourcecode.c.objc; path = mztools.m; sourceTree = "<group>"; };
		5B62A30D27AE73A700A19448 /* crypt.h */ = {isa = PBXFileReference; fileEncoding = 4; lastKnownFileType = sourcecode.c.h; path = crypt.h; sourceTree = "<group>"; };
		5B62A30E27AE73A700A19448 /* zip.h */ = {isa = PBXFileReference; fileEncoding = 4; lastKnownFileType = sourcecode.c.h; path = zip.h; sourceTree = "<group>"; };
		5B62A30F27AE73A700A19448 /* unzip.h */ = {isa = PBXFileReference; fileEncoding = 4; lastKnownFileType = sourcecode.c.h; path = unzip.h; sourceTree = "<group>"; };
		5B62A31027AE73A700A19448 /* mztools.h */ = {isa = PBXFileReference; fileEncoding = 4; lastKnownFileType = sourcecode.c.h; path = mztools.h; sourceTree = "<group>"; };
		5B62A31127AE73A700A19448 /* ioapi.h */ = {isa = PBXFileReference; fileEncoding = 4; lastKnownFileType = sourcecode.c.h; path = ioapi.h; sourceTree = "<group>"; };
		5B62A31227AE73A700A19448 /* SSZipArchive.h */ = {isa = PBXFileReference; fileEncoding = 4; lastKnownFileType = sourcecode.c.h; path = SSZipArchive.h; sourceTree = "<group>"; };
		5B62A31327AE73A700A19448 /* SSZipArchive.m */ = {isa = PBXFileReference; fileEncoding = 4; lastKnownFileType = sourcecode.c.objc; path = SSZipArchive.m; sourceTree = "<group>"; };
		5B62A31527AE73A700A19448 /* AWFileHash.h */ = {isa = PBXFileReference; fileEncoding = 4; lastKnownFileType = sourcecode.c.h; path = AWFileHash.h; sourceTree = "<group>"; };
		5B62A31627AE73A700A19448 /* AWFileHash.m */ = {isa = PBXFileReference; fileEncoding = 4; lastKnownFileType = sourcecode.c.objc; path = AWFileHash.m; sourceTree = "<group>"; };
		5B62A32627AE77BB00A19448 /* LMConsolidator.h */ = {isa = PBXFileReference; lastKnownFileType = sourcecode.c.h; path = LMConsolidator.h; sourceTree = "<group>"; };
		5B62A32727AE77BB00A19448 /* LMConsolidator.mm */ = {isa = PBXFileReference; lastKnownFileType = sourcecode.cpp.objcpp; path = LMConsolidator.mm; sourceTree = "<group>"; };
		5B62A32827AE77D100A19448 /* FSEventStreamHelper.swift */ = {isa = PBXFileReference; fileEncoding = 4; lastKnownFileType = sourcecode.swift; path = FSEventStreamHelper.swift; sourceTree = "<group>"; };
		5B62A32A27AE78B000A19448 /* CNSLM.mm */ = {isa = PBXFileReference; lastKnownFileType = sourcecode.cpp.objcpp; path = CNSLM.mm; sourceTree = "<group>"; };
		5B62A32B27AE78B000A19448 /* CNSLM.h */ = {isa = PBXFileReference; lastKnownFileType = sourcecode.c.h; path = CNSLM.h; sourceTree = "<group>"; };
		5B62A32C27AE78B000A19448 /* CoreLM.h */ = {isa = PBXFileReference; lastKnownFileType = sourcecode.c.h; path = CoreLM.h; sourceTree = "<group>"; };
		5B62A32D27AE78B000A19448 /* CoreLM.mm */ = {isa = PBXFileReference; lastKnownFileType = sourcecode.cpp.objcpp; path = CoreLM.mm; sourceTree = "<group>"; };
		5B62A33127AE792F00A19448 /* InputSourceHelper.swift */ = {isa = PBXFileReference; lastKnownFileType = sourcecode.swift; path = InputSourceHelper.swift; sourceTree = "<group>"; };
		5B62A33527AE795800A19448 /* PreferencesModule.swift */ = {isa = PBXFileReference; lastKnownFileType = sourcecode.swift; path = PreferencesModule.swift; sourceTree = "<group>"; };
		5B62A33727AE79CD00A19448 /* NSStringUtils.swift */ = {isa = PBXFileReference; lastKnownFileType = sourcecode.swift; path = NSStringUtils.swift; sourceTree = "<group>"; };
		5B62A33C27AE7CC100A19448 /* ctlAboutWindow.swift */ = {isa = PBXFileReference; lastKnownFileType = sourcecode.swift; path = ctlAboutWindow.swift; sourceTree = "<group>"; };
		5B62A33F27AE7CD900A19448 /* HorizontalCandidateController.swift */ = {isa = PBXFileReference; fileEncoding = 4; lastKnownFileType = sourcecode.swift; path = HorizontalCandidateController.swift; sourceTree = "<group>"; };
		5B62A34027AE7CD900A19448 /* CandidateController.swift */ = {isa = PBXFileReference; fileEncoding = 4; lastKnownFileType = sourcecode.swift; path = CandidateController.swift; sourceTree = "<group>"; };
		5B62A34127AE7CD900A19448 /* VerticalCandidateController.swift */ = {isa = PBXFileReference; fileEncoding = 4; lastKnownFileType = sourcecode.swift; path = VerticalCandidateController.swift; sourceTree = "<group>"; };
		5B62A34327AE7CD900A19448 /* TooltipController.swift */ = {isa = PBXFileReference; fileEncoding = 4; lastKnownFileType = sourcecode.swift; path = TooltipController.swift; sourceTree = "<group>"; };
		5B62A34527AE7CD900A19448 /* NotifierController.swift */ = {isa = PBXFileReference; fileEncoding = 4; lastKnownFileType = sourcecode.swift; path = NotifierController.swift; sourceTree = "<group>"; };
		5B73FB5427B2BD6900E9BF49 /* PhraseEditor-Info.plist */ = {isa = PBXFileReference; lastKnownFileType = text.plist.xml; name = "PhraseEditor-Info.plist"; path = "UserPhraseEditor/PhraseEditor-Info.plist"; sourceTree = SOURCE_ROOT; };
		5B73FB5F27B2BE1300E9BF49 /* en */ = {isa = PBXFileReference; lastKnownFileType = text.plist.strings; name = en; path = en.lproj/InfoPlist.strings; sourceTree = "<group>"; };
		5B7BC4AF27AFFBE800F66C24 /* Base */ = {isa = PBXFileReference; lastKnownFileType = file.xib; name = Base; path = Source/WindowNIBs/Base.lproj/frmPrefWindow.xib; sourceTree = "<group>"; };
		5B7BC4B227AFFC0B00F66C24 /* en */ = {isa = PBXFileReference; lastKnownFileType = text.plist.strings; name = en; path = Source/WindowNIBs/en.lproj/frmPrefWindow.strings; sourceTree = "<group>"; };
		5BBBB75D27AED54C0023B93A /* Beep.m4a */ = {isa = PBXFileReference; lastKnownFileType = file; path = Beep.m4a; sourceTree = "<group>"; };
		5BBBB75E27AED54C0023B93A /* Fart.m4a */ = {isa = PBXFileReference; lastKnownFileType = file; path = Fart.m4a; sourceTree = "<group>"; };
		5BBBB76627AED5DB0023B93A /* Base */ = {isa = PBXFileReference; lastKnownFileType = file.xib; name = Base; path = Base.lproj/frmNonModalAlertWindow.xib; sourceTree = "<group>"; };
		5BBBB76A27AED5DB0023B93A /* Base */ = {isa = PBXFileReference; lastKnownFileType = file.xib; name = Base; path = Base.lproj/frmAboutWindow.xib; sourceTree = "<group>"; };
		5BBBB76F27AED70B0023B93A /* MenuIcon-TCVIM@2x.png */ = {isa = PBXFileReference; lastKnownFileType = image.png; path = "MenuIcon-TCVIM@2x.png"; sourceTree = "<group>"; };
		5BBBB77027AED70B0023B93A /* MenuIcon-SCVIM@2x.png */ = {isa = PBXFileReference; lastKnownFileType = image.png; path = "MenuIcon-SCVIM@2x.png"; sourceTree = "<group>"; };
		5BBBB77127AED70B0023B93A /* MenuIcon-SCVIM.png */ = {isa = PBXFileReference; lastKnownFileType = image.png; path = "MenuIcon-SCVIM.png"; sourceTree = "<group>"; };
		5BBBB77227AED70B0023B93A /* MenuIcon-TCVIM.png */ = {isa = PBXFileReference; lastKnownFileType = image.png; path = "MenuIcon-TCVIM.png"; sourceTree = "<group>"; };
		5BBBB77727AEDB290023B93A /* en */ = {isa = PBXFileReference; lastKnownFileType = text.plist.strings; name = en; path = en.lproj/MainMenu.strings; sourceTree = "<group>"; };
		5BBBB77927AEDC690023B93A /* clsSFX.swift */ = {isa = PBXFileReference; fileEncoding = 4; lastKnownFileType = sourcecode.swift; path = clsSFX.swift; sourceTree = "<group>"; };
		5BBD627827B6C4D900271480 /* Update-Info.plist */ = {isa = PBXFileReference; lastKnownFileType = text.plist.xml; path = "Update-Info.plist"; sourceTree = "<group>"; };
		5BD05B8027B22F3C004C4F1D /* char-kanji-cns.txt */ = {isa = PBXFileReference; fileEncoding = 4; lastKnownFileType = text; name = "char-kanji-cns.txt"; path = "Data/components/common/char-kanji-cns.txt"; sourceTree = "<group>"; };
		5BD05BB827B2A429004C4F1D /* vChewingPhraseEditor.app */ = {isa = PBXFileReference; explicitFileType = wrapper.application; includeInIndex = 0; path = vChewingPhraseEditor.app; sourceTree = BUILT_PRODUCTS_DIR; };
		5BD05BC627B2A42A004C4F1D /* vChewingPhraseEditor.entitlements */ = {isa = PBXFileReference; lastKnownFileType = text.plist.entitlements; path = vChewingPhraseEditor.entitlements; sourceTree = "<group>"; };
		5BD05C5C27B2BBA9004C4F1D /* Base */ = {isa = PBXFileReference; lastKnownFileType = file.storyboard; name = Base; path = Base.lproj/Main.storyboard; sourceTree = "<group>"; };
		5BD05C6127B2BBEF004C4F1D /* Document.swift */ = {isa = PBXFileReference; fileEncoding = 4; lastKnownFileType = sourcecode.swift; path = Document.swift; sourceTree = "<group>"; };
		5BD05C6227B2BBEF004C4F1D /* AppDelegate.swift */ = {isa = PBXFileReference; fileEncoding = 4; lastKnownFileType = sourcecode.swift; path = AppDelegate.swift; sourceTree = "<group>"; };
		5BD05C6327B2BBEF004C4F1D /* Content.swift */ = {isa = PBXFileReference; fileEncoding = 4; lastKnownFileType = sourcecode.swift; path = Content.swift; sourceTree = "<group>"; };
		5BD05C6427B2BBEF004C4F1D /* WindowController.swift */ = {isa = PBXFileReference; fileEncoding = 4; lastKnownFileType = sourcecode.swift; path = WindowController.swift; sourceTree = "<group>"; };
		5BD05C6527B2BBEF004C4F1D /* ViewController.swift */ = {isa = PBXFileReference; fileEncoding = 4; lastKnownFileType = sourcecode.swift; path = ViewController.swift; sourceTree = "<group>"; };
		5BDCBB4227B4F6C600D0CC59 /* zh-Hant */ = {isa = PBXFileReference; lastKnownFileType = text.plist.strings; name = "zh-Hant"; path = "zh-Hant.lproj/MainMenu.strings"; sourceTree = "<group>"; };
		5BDCBB4327B4F6C600D0CC59 /* zh-Hant */ = {isa = PBXFileReference; lastKnownFileType = text.plist.strings; name = "zh-Hant"; path = "zh-Hant.lproj/frmAboutWindow.strings"; sourceTree = "<group>"; };
		5BDCBB4527B4F6C600D0CC59 /* zh-Hant */ = {isa = PBXFileReference; lastKnownFileType = text.plist.strings; name = "zh-Hant"; path = "Source/WindowNIBs/zh-Hant.lproj/frmPrefWindow.strings"; sourceTree = "<group>"; };
		5BDCBB4727B4F6C600D0CC59 /* zh-Hant */ = {isa = PBXFileReference; lastKnownFileType = text.plist.strings; name = "zh-Hant"; path = "zh-Hant.lproj/InfoPlist.strings"; sourceTree = "<group>"; };
		5BDCBB4827B4F6C600D0CC59 /* zh-Hant */ = {isa = PBXFileReference; lastKnownFileType = text.plist.strings; name = "zh-Hant"; path = "zh-Hant.lproj/Localizable.strings"; sourceTree = "<group>"; };
		5BDCBB4927B4F6C700D0CC59 /* zh-Hant */ = {isa = PBXFileReference; lastKnownFileType = text.plist.strings; name = "zh-Hant"; path = "zh-Hant.lproj/InfoPlist.strings"; sourceTree = "<group>"; };
		5BDCBB4A27B4F6C700D0CC59 /* zh-Hant */ = {isa = PBXFileReference; lastKnownFileType = text.plist.strings; name = "zh-Hant"; path = "zh-Hant.lproj/Localizable.strings"; sourceTree = "<group>"; };
		5BDCBB4B27B4F6C700D0CC59 /* zh-Hant */ = {isa = PBXFileReference; lastKnownFileType = text.plist.strings; name = "zh-Hant"; path = "zh-Hant.lproj/frmAboutWindow.strings"; sourceTree = "<group>"; };
		5BDCBB4D27B4F6C700D0CC59 /* zh-Hant */ = {isa = PBXFileReference; lastKnownFileType = text.plist.strings; name = "zh-Hant"; path = "zh-Hant.lproj/InfoPlist.strings"; sourceTree = "<group>"; };
		5BE78BD827B37750005EA1BE /* ctlAboutWindow.swift */ = {isa = PBXFileReference; lastKnownFileType = sourcecode.swift; path = ctlAboutWindow.swift; sourceTree = "<group>"; };
		5BE78BDB27B37764005EA1BE /* Base */ = {isa = PBXFileReference; lastKnownFileType = file.xib; name = Base; path = Base.lproj/frmAboutWindow.xib; sourceTree = "<group>"; };
		5BE78BDF27B37968005EA1BE /* en */ = {isa = PBXFileReference; lastKnownFileType = text.plist.strings; name = en; path = en.lproj/frmAboutWindow.strings; sourceTree = "<group>"; };
		5BF8423027BAA942008E7E4C /* vChewingKanjiConverter.swift */ = {isa = PBXFileReference; lastKnownFileType = sourcecode.swift; path = vChewingKanjiConverter.swift; sourceTree = "<group>"; };
		5BFDF48C27B51867009523B6 /* zh-Hant */ = {isa = PBXFileReference; lastKnownFileType = text.plist.strings; name = "zh-Hant"; path = "zh-Hant.lproj/Main.strings"; sourceTree = "<group>"; };
		6A0D4EA215FC0D2D00ABF4B3 /* vChewing.app */ = {isa = PBXFileReference; explicitFileType = wrapper.application; includeInIndex = 0; path = vChewing.app; sourceTree = BUILT_PRODUCTS_DIR; };
		6A0D4EF515FC0DA600ABF4B3 /* IME-Info.plist */ = {isa = PBXFileReference; fileEncoding = 4; lastKnownFileType = text.plist.xml; path = "IME-Info.plist"; sourceTree = "<group>"; };
		6A0D4EF615FC0DA600ABF4B3 /* vChewing-Prefix.pch */ = {isa = PBXFileReference; fileEncoding = 4; lastKnownFileType = sourcecode.c.h; path = "vChewing-Prefix.pch"; sourceTree = "<group>"; };
		6A0D4F1415FC0EB100ABF4B3 /* Bigram.h */ = {isa = PBXFileReference; fileEncoding = 4; lastKnownFileType = sourcecode.c.h; path = Bigram.h; sourceTree = "<group>"; };
		6A0D4F1515FC0EB100ABF4B3 /* BlockReadingBuilder.h */ = {isa = PBXFileReference; fileEncoding = 4; lastKnownFileType = sourcecode.c.h; path = BlockReadingBuilder.h; sourceTree = "<group>"; };
		6A0D4F1615FC0EB100ABF4B3 /* Gramambular.h */ = {isa = PBXFileReference; fileEncoding = 4; lastKnownFileType = sourcecode.c.h; path = Gramambular.h; sourceTree = "<group>"; };
		6A0D4F1715FC0EB100ABF4B3 /* Grid.h */ = {isa = PBXFileReference; fileEncoding = 4; lastKnownFileType = sourcecode.c.h; path = Grid.h; sourceTree = "<group>"; };
		6A0D4F1815FC0EB100ABF4B3 /* KeyValuePair.h */ = {isa = PBXFileReference; fileEncoding = 4; lastKnownFileType = sourcecode.c.h; path = KeyValuePair.h; sourceTree = "<group>"; };
		6A0D4F1915FC0EB100ABF4B3 /* LanguageModel.h */ = {isa = PBXFileReference; fileEncoding = 4; lastKnownFileType = sourcecode.c.h; path = LanguageModel.h; sourceTree = "<group>"; };
		6A0D4F1A15FC0EB100ABF4B3 /* Node.h */ = {isa = PBXFileReference; fileEncoding = 4; lastKnownFileType = sourcecode.c.h; path = Node.h; sourceTree = "<group>"; };
		6A0D4F1B15FC0EB100ABF4B3 /* NodeAnchor.h */ = {isa = PBXFileReference; fileEncoding = 4; lastKnownFileType = sourcecode.c.h; path = NodeAnchor.h; sourceTree = "<group>"; };
		6A0D4F1C15FC0EB100ABF4B3 /* Span.h */ = {isa = PBXFileReference; fileEncoding = 4; lastKnownFileType = sourcecode.c.h; path = Span.h; sourceTree = "<group>"; };
		6A0D4F1D15FC0EB100ABF4B3 /* Unigram.h */ = {isa = PBXFileReference; fileEncoding = 4; lastKnownFileType = sourcecode.c.h; path = Unigram.h; sourceTree = "<group>"; };
		6A0D4F1E15FC0EB100ABF4B3 /* Walker.h */ = {isa = PBXFileReference; fileEncoding = 4; lastKnownFileType = sourcecode.c.h; path = Walker.h; sourceTree = "<group>"; };
		6A0D4F2015FC0EB100ABF4B3 /* Mandarin.cpp */ = {isa = PBXFileReference; fileEncoding = 4; lastKnownFileType = sourcecode.cpp.cpp; path = Mandarin.cpp; sourceTree = "<group>"; };
		6A0D4F2115FC0EB100ABF4B3 /* Mandarin.h */ = {isa = PBXFileReference; fileEncoding = 4; lastKnownFileType = sourcecode.c.h; path = Mandarin.h; sourceTree = "<group>"; };
		6A15B32421A51F2300B92CD3 /* Base */ = {isa = PBXFileReference; lastKnownFileType = file.xib; name = Base; path = Base.lproj/MainMenu.xib; sourceTree = "<group>"; };
		6A15B32521A51F2300B92CD3 /* Base */ = {isa = PBXFileReference; lastKnownFileType = file.xib; name = Base; path = Base.lproj/MainMenu.xib; sourceTree = "<group>"; };
		6A225A1E23679F2600F685C6 /* NotarizedArchives */ = {isa = PBXFileReference; lastKnownFileType = folder; path = NotarizedArchives; sourceTree = "<group>"; };
		6A2E40F5253A69DA00D1AE1D /* Images.xcassets */ = {isa = PBXFileReference; lastKnownFileType = folder.assetcatalog; path = Images.xcassets; sourceTree = "<group>"; };
		6A93050C279877FF00D370DA /* vChewingInstaller-Bridging-Header.h */ = {isa = PBXFileReference; lastKnownFileType = sourcecode.c.h; path = "vChewingInstaller-Bridging-Header.h"; sourceTree = "<group>"; };
		6ACA41CB15FC1D7500935EF6 /* vChewingInstaller.app */ = {isa = PBXFileReference; explicitFileType = wrapper.application; includeInIndex = 0; path = vChewingInstaller.app; sourceTree = BUILT_PRODUCTS_DIR; };
		6ACA41EB15FC1D9000935EF6 /* en */ = {isa = PBXFileReference; lastKnownFileType = text.plist.strings; name = en; path = en.lproj/InfoPlist.strings; sourceTree = "<group>"; };
		6ACA41EF15FC1D9000935EF6 /* en */ = {isa = PBXFileReference; lastKnownFileType = text.plist.strings; name = en; path = en.lproj/Localizable.strings; sourceTree = "<group>"; };
		6ACA41F215FC1D9000935EF6 /* Installer-Info.plist */ = {isa = PBXFileReference; fileEncoding = 4; lastKnownFileType = text.plist.xml; name = "Installer-Info.plist"; path = "Installer/Installer-Info.plist"; sourceTree = SOURCE_ROOT; };
		6ACA41F315FC1D9000935EF6 /* Installer-Prefix.pch */ = {isa = PBXFileReference; fileEncoding = 4; lastKnownFileType = sourcecode.c.h; name = "Installer-Prefix.pch"; path = "Installer/Installer-Prefix.pch"; sourceTree = SOURCE_ROOT; };
		6ACC3D3C27914AAB00F1B140 /* KeyValueBlobReader.h */ = {isa = PBXFileReference; fileEncoding = 4; lastKnownFileType = sourcecode.c.h; path = KeyValueBlobReader.h; sourceTree = "<group>"; };
		6ACC3D3E27914F2400F1B140 /* KeyValueBlobReader.cpp */ = {isa = PBXFileReference; fileEncoding = 4; lastKnownFileType = sourcecode.cpp.cpp; path = KeyValueBlobReader.cpp; sourceTree = "<group>"; };
		6ACC3D402793701600F1B140 /* ParselessPhraseDB.cpp */ = {isa = PBXFileReference; fileEncoding = 4; lastKnownFileType = sourcecode.cpp.cpp; path = ParselessPhraseDB.cpp; sourceTree = "<group>"; };
		6ACC3D412793701600F1B140 /* ParselessPhraseDB.h */ = {isa = PBXFileReference; fileEncoding = 4; lastKnownFileType = sourcecode.c.h; path = ParselessPhraseDB.h; sourceTree = "<group>"; };
		6ACC3D422793701600F1B140 /* ParselessLM.cpp */ = {isa = PBXFileReference; fileEncoding = 4; lastKnownFileType = sourcecode.cpp.cpp; path = ParselessLM.cpp; sourceTree = "<group>"; };
		6ACC3D432793701600F1B140 /* ParselessLM.h */ = {isa = PBXFileReference; fileEncoding = 4; lastKnownFileType = sourcecode.c.h; path = ParselessLM.h; sourceTree = "<group>"; };
		D41355D6278D7409005E5CBD /* mgrLangModel.h */ = {isa = PBXFileReference; lastKnownFileType = sourcecode.c.h; path = mgrLangModel.h; sourceTree = "<group>"; };
		D41355D7278D7409005E5CBD /* mgrLangModel.mm */ = {isa = PBXFileReference; lastKnownFileType = sourcecode.cpp.objcpp; path = mgrLangModel.mm; sourceTree = "<group>"; };
		D41355D9278E6D17005E5CBD /* vChewingLM.mm */ = {isa = PBXFileReference; lastKnownFileType = sourcecode.cpp.objcpp; path = vChewingLM.mm; sourceTree = "<group>"; };
		D41355DA278E6D17005E5CBD /* vChewingLM.h */ = {isa = PBXFileReference; lastKnownFileType = sourcecode.c.h; path = vChewingLM.h; sourceTree = "<group>"; };
		D41355DC278EA3ED005E5CBD /* UserPhrasesLM.mm */ = {isa = PBXFileReference; lastKnownFileType = sourcecode.cpp.objcpp; path = UserPhrasesLM.mm; sourceTree = "<group>"; };
		D41355DD278EA3ED005E5CBD /* UserPhrasesLM.h */ = {isa = PBXFileReference; lastKnownFileType = sourcecode.c.h; path = UserPhrasesLM.h; sourceTree = "<group>"; };
		D427A9BF25ED28CC005D43E0 /* vChewing-Bridging-Header.h */ = {isa = PBXFileReference; lastKnownFileType = sourcecode.c.h; path = "vChewing-Bridging-Header.h"; sourceTree = "<group>"; };
		D427F76B278CA1BA004A2160 /* AppDelegate.swift */ = {isa = PBXFileReference; lastKnownFileType = sourcecode.swift; path = AppDelegate.swift; sourceTree = "<group>"; };
		D44FB74B2792189A003C80A6 /* PhraseReplacementMap.mm */ = {isa = PBXFileReference; lastKnownFileType = sourcecode.cpp.objcpp; path = PhraseReplacementMap.mm; sourceTree = "<group>"; };
		D44FB74C2792189A003C80A6 /* PhraseReplacementMap.h */ = {isa = PBXFileReference; lastKnownFileType = sourcecode.c.h; path = PhraseReplacementMap.h; sourceTree = "<group>"; };
		D456576D279E4F7B00DF6BC9 /* KeyHandlerInput.swift */ = {isa = PBXFileReference; lastKnownFileType = sourcecode.swift; path = KeyHandlerInput.swift; sourceTree = "<group>"; };
		D461B791279DAC010070E734 /* InputState.swift */ = {isa = PBXFileReference; lastKnownFileType = sourcecode.swift; path = InputState.swift; sourceTree = "<group>"; };
		D47B92BF27972AC800458394 /* main.swift */ = {isa = PBXFileReference; lastKnownFileType = sourcecode.swift; path = main.swift; sourceTree = "<group>"; };
		D47D73AA27A6CAE600255A50 /* AssociatedPhrases.mm */ = {isa = PBXFileReference; lastKnownFileType = sourcecode.cpp.objcpp; path = AssociatedPhrases.mm; sourceTree = "<group>"; };
		D47D73AB27A6CAE600255A50 /* AssociatedPhrases.h */ = {isa = PBXFileReference; lastKnownFileType = sourcecode.c.h; path = AssociatedPhrases.h; sourceTree = "<group>"; };
		D47F7DCD278BFB57002F9DD7 /* ctlPrefWindow.swift */ = {isa = PBXFileReference; lastKnownFileType = sourcecode.swift; path = ctlPrefWindow.swift; sourceTree = "<group>"; };
		D47F7DCF278C0897002F9DD7 /* ctlNonModalAlertWindow.swift */ = {isa = PBXFileReference; lastKnownFileType = sourcecode.swift; path = ctlNonModalAlertWindow.swift; sourceTree = "<group>"; };
		D47F7DD1278C1263002F9DD7 /* UserOverrideModel.h */ = {isa = PBXFileReference; fileEncoding = 4; lastKnownFileType = sourcecode.c.h; path = UserOverrideModel.h; sourceTree = "<group>"; };
		D47F7DD2278C1263002F9DD7 /* UserOverrideModel.cpp */ = {isa = PBXFileReference; fileEncoding = 4; lastKnownFileType = sourcecode.cpp.cpp; path = UserOverrideModel.cpp; sourceTree = "<group>"; };
		D495583A27A5C6C4006ADE1C /* mgrLangModel_Privates.h */ = {isa = PBXFileReference; lastKnownFileType = sourcecode.c.h; path = mgrLangModel_Privates.h; sourceTree = "<group>"; };
		D4A13D5927A59D5C003BE359 /* ctlInputMethod.swift */ = {isa = PBXFileReference; lastKnownFileType = sourcecode.swift; path = ctlInputMethod.swift; sourceTree = "<group>"; };
		D4E33D8927A838CF006DB1CF /* Base */ = {isa = PBXFileReference; lastKnownFileType = text.plist.strings; name = Base; path = Base.lproj/Localizable.strings; sourceTree = "<group>"; };
		D4E33D8E27A838F0006DB1CF /* Base */ = {isa = PBXFileReference; lastKnownFileType = text.plist.strings; name = Base; path = Base.lproj/InfoPlist.strings; sourceTree = "<group>"; };
		D4E569DA27A34CC100AC2CEF /* KeyHandler.h */ = {isa = PBXFileReference; lastKnownFileType = sourcecode.c.h; path = KeyHandler.h; sourceTree = "<group>"; };
		D4E569DB27A34CC100AC2CEF /* KeyHandler.mm */ = {isa = PBXFileReference; lastKnownFileType = sourcecode.cpp.objcpp; path = KeyHandler.mm; sourceTree = "<group>"; };
		D4F0BBDE279AF1AF0071253C /* ArchiveUtil.swift */ = {isa = PBXFileReference; lastKnownFileType = sourcecode.swift; path = ArchiveUtil.swift; sourceTree = "<group>"; };
		D4F0BBE0279AF8B30071253C /* AppDelegate.swift */ = {isa = PBXFileReference; lastKnownFileType = sourcecode.swift; path = AppDelegate.swift; sourceTree = "<group>"; };
		D4F0BBE2279B08900071253C /* Chronosphere.h */ = {isa = PBXFileReference; lastKnownFileType = sourcecode.c.h; path = Chronosphere.h; sourceTree = "<group>"; };
		D4F0BBE3279B08900071253C /* Chronosphere.m */ = {isa = PBXFileReference; lastKnownFileType = sourcecode.c.objc; path = Chronosphere.m; sourceTree = "<group>"; };
/* End PBXFileReference section */

/* Begin PBXFrameworksBuildPhase section */
		5BD05BB527B2A429004C4F1D /* Frameworks */ = {
			isa = PBXFrameworksBuildPhase;
			buildActionMask = 2147483647;
			files = (
			);
			runOnlyForDeploymentPostprocessing = 0;
		};
		6A0D4E9F15FC0D2D00ABF4B3 /* Frameworks */ = {
			isa = PBXFrameworksBuildPhase;
			buildActionMask = 2147483647;
			files = (
				5B62A35227AE822400A19448 /* OpenCC in Frameworks */,
			);
			runOnlyForDeploymentPostprocessing = 0;
		};
		6ACA41C815FC1D7500935EF6 /* Frameworks */ = {
			isa = PBXFrameworksBuildPhase;
			buildActionMask = 2147483647;
			files = (
			);
			runOnlyForDeploymentPostprocessing = 0;
		};
/* End PBXFrameworksBuildPhase section */

/* Begin PBXGroup section */
		5B30F10727BA501900484E24 /* KeyLayouts */ = {
			isa = PBXGroup;
			children = (
				5B30F11227BA568800484E24 /* vChewingKeyLayout.bundle */,
			);
			path = KeyLayouts;
			sourceTree = "<group>";
		};
		5B62A30127AE732800A19448 /* 3rdParty */ = {
			isa = PBXGroup;
			children = (
				5B62A31427AE73A700A19448 /* AWFileHash */,
				5B62A30727AE73A700A19448 /* SSZipArchive */,
				5B62A30227AE733500A19448 /* OVMandarin */,
			);
			path = 3rdParty;
			sourceTree = "<group>";
		};
		5B62A30227AE733500A19448 /* OVMandarin */ = {
			isa = PBXGroup;
			children = (
				6A0D4F2015FC0EB100ABF4B3 /* Mandarin.cpp */,
				6A0D4F2115FC0EB100ABF4B3 /* Mandarin.h */,
			);
			path = OVMandarin;
			sourceTree = "<group>";
		};
		5B62A30727AE73A700A19448 /* SSZipArchive */ = {
			isa = PBXGroup;
			children = (
				5B62A30827AE73A700A19448 /* minizip */,
				5B62A31227AE73A700A19448 /* SSZipArchive.h */,
				5B62A31327AE73A700A19448 /* SSZipArchive.m */,
			);
			path = SSZipArchive;
			sourceTree = "<group>";
		};
		5B62A30827AE73A700A19448 /* minizip */ = {
			isa = PBXGroup;
			children = (
				5B62A30927AE73A700A19448 /* unzip.m */,
				5B62A30A27AE73A700A19448 /* zip.m */,
				5B62A30B27AE73A700A19448 /* ioapi.m */,
				5B62A30C27AE73A700A19448 /* mztools.m */,
				5B62A30D27AE73A700A19448 /* crypt.h */,
				5B62A30E27AE73A700A19448 /* zip.h */,
				5B62A30F27AE73A700A19448 /* unzip.h */,
				5B62A31027AE73A700A19448 /* mztools.h */,
				5B62A31127AE73A700A19448 /* ioapi.h */,
			);
			path = minizip;
			sourceTree = "<group>";
		};
		5B62A31427AE73A700A19448 /* AWFileHash */ = {
			isa = PBXGroup;
			children = (
				5B62A31527AE73A700A19448 /* AWFileHash.h */,
				5B62A31627AE73A700A19448 /* AWFileHash.m */,
			);
			path = AWFileHash;
			sourceTree = "<group>";
		};
		5B62A31E27AE74E400A19448 /* SFX */ = {
			isa = PBXGroup;
			children = (
				5BBBB77927AEDC690023B93A /* clsSFX.swift */,
			);
			path = SFX;
			sourceTree = "<group>";
		};
		5B62A31F27AE74E900A19448 /* ControllerModules */ = {
			isa = PBXGroup;
			children = (
				5B11328827B94CFB00E58451 /* AppleKeyboardConverter.swift */,
				D461B791279DAC010070E734 /* InputState.swift */,
				D4E569DA27A34CC100AC2CEF /* KeyHandler.h */,
				D4E569DB27A34CC100AC2CEF /* KeyHandler.mm */,
				D456576D279E4F7B00DF6BC9 /* KeyHandlerInput.swift */,
				6ACC3D3E27914F2400F1B140 /* KeyValueBlobReader.cpp */,
				6ACC3D3C27914AAB00F1B140 /* KeyValueBlobReader.h */,
				5B62A33727AE79CD00A19448 /* NSStringUtils.swift */,
				5BF8423027BAA942008E7E4C /* vChewingKanjiConverter.swift */,
			);
			path = ControllerModules;
			sourceTree = "<group>";
		};
		5B62A32027AE752000A19448 /* Headers */ = {
			isa = PBXGroup;
			children = (
				6A0D4EF615FC0DA600ABF4B3 /* vChewing-Prefix.pch */,
				D427A9BF25ED28CC005D43E0 /* vChewing-Bridging-Header.h */,
			);
			path = Headers;
			sourceTree = "<group>";
		};
		5B62A32127AE755D00A19448 /* FileHandlers */ = {
			isa = PBXGroup;
			children = (
				5B62A32827AE77D100A19448 /* FSEventStreamHelper.swift */,
				5B62A32627AE77BB00A19448 /* LMConsolidator.h */,
				5B62A32727AE77BB00A19448 /* LMConsolidator.mm */,
			);
			path = FileHandlers;
			sourceTree = "<group>";
		};
		5B62A32227AE756300A19448 /* IMEModules */ = {
			isa = PBXGroup;
			children = (
				D4A13D5927A59D5C003BE359 /* ctlInputMethod.swift */,
				5B62A33127AE792F00A19448 /* InputSourceHelper.swift */,
				5B62A33527AE795800A19448 /* PreferencesModule.swift */,
			);
			path = IMEModules;
			sourceTree = "<group>";
		};
		5B62A32327AE756800A19448 /* LanguageParsers */ = {
			isa = PBXGroup;
			children = (
				6A0D4F1315FC0EB100ABF4B3 /* Gramambular */,
			);
			path = LanguageParsers;
			sourceTree = "<group>";
		};
		5B62A32427AE757300A19448 /* LangModelRelated */ = {
			isa = PBXGroup;
			children = (
				D41355D6278D7409005E5CBD /* mgrLangModel.h */,
				D495583A27A5C6C4006ADE1C /* mgrLangModel_Privates.h */,
				D41355D7278D7409005E5CBD /* mgrLangModel.mm */,
				5B62A32527AE758000A19448 /* SubLanguageModels */,
				D41355D9278E6D17005E5CBD /* vChewingLM.mm */,
				D41355DA278E6D17005E5CBD /* vChewingLM.h */,
			);
			path = LangModelRelated;
			sourceTree = "<group>";
		};
		5B62A32527AE758000A19448 /* SubLanguageModels */ = {
			isa = PBXGroup;
			children = (
				5B62A32B27AE78B000A19448 /* CNSLM.h */,
				5B62A32A27AE78B000A19448 /* CNSLM.mm */,
				5B62A32C27AE78B000A19448 /* CoreLM.h */,
				5B62A32D27AE78B000A19448 /* CoreLM.mm */,
				D41355DC278EA3ED005E5CBD /* UserPhrasesLM.mm */,
				D41355DD278EA3ED005E5CBD /* UserPhrasesLM.h */,
				6ACC3D422793701600F1B140 /* ParselessLM.cpp */,
				6ACC3D432793701600F1B140 /* ParselessLM.h */,
				6ACC3D402793701600F1B140 /* ParselessPhraseDB.cpp */,
				6ACC3D412793701600F1B140 /* ParselessPhraseDB.h */,
				D44FB74B2792189A003C80A6 /* PhraseReplacementMap.mm */,
				D44FB74C2792189A003C80A6 /* PhraseReplacementMap.h */,
				D47F7DD2278C1263002F9DD7 /* UserOverrideModel.cpp */,
				D47F7DD1278C1263002F9DD7 /* UserOverrideModel.h */,
				D47D73AA27A6CAE600255A50 /* AssociatedPhrases.mm */,
				D47D73AB27A6CAE600255A50 /* AssociatedPhrases.h */,
			);
			path = SubLanguageModels;
			sourceTree = "<group>";
		};
		5B62A33027AE78E500A19448 /* Resources */ = {
			isa = PBXGroup;
			children = (
				5B30F10727BA501900484E24 /* KeyLayouts */,
				6A0D4EEE15FC0DA600ABF4B3 /* Images */,
				5BBBB76E27AED70B0023B93A /* MenuIcons */,
				5BBBB75C27AED54C0023B93A /* SoundFiles */,
				6A0D4EF515FC0DA600ABF4B3 /* IME-Info.plist */,
				D4E33D8D27A838F0006DB1CF /* InfoPlist.strings */,
				D4E33D8827A838CF006DB1CF /* Localizable.strings */,
			);
			path = Resources;
			sourceTree = "<group>";
		};
		5B62A33927AE7C6700A19448 /* UI */ = {
			isa = PBXGroup;
			children = (
				5B62A33E27AE7CD900A19448 /* CandidateUI */,
				5B62A34227AE7CD900A19448 /* TooltipUI */,
				5B62A34427AE7CD900A19448 /* NotifierUI */,
			);
			path = UI;
			sourceTree = "<group>";
		};
		5B62A33A27AE7C7500A19448 /* WindowControllers */ = {
			isa = PBXGroup;
			children = (
				5B62A33C27AE7CC100A19448 /* ctlAboutWindow.swift */,
				D47F7DCF278C0897002F9DD7 /* ctlNonModalAlertWindow.swift */,
				D47F7DCD278BFB57002F9DD7 /* ctlPrefWindow.swift */,
			);
			path = WindowControllers;
			sourceTree = "<group>";
		};
		5B62A33B27AE7C7F00A19448 /* WindowNIBs */ = {
			isa = PBXGroup;
			children = (
				5BBBB76927AED5DB0023B93A /* frmAboutWindow.xib */,
				5BBBB76527AED5DB0023B93A /* frmNonModalAlertWindow.xib */,
				5B7BC4AE27AFFBE800F66C24 /* frmPrefWindow.xib */,
				6A187E2816004C5900466B2E /* MainMenu.xib */,
			);
			path = WindowNIBs;
			sourceTree = "<group>";
		};
		5B62A33E27AE7CD900A19448 /* CandidateUI */ = {
			isa = PBXGroup;
			children = (
				5B62A33F27AE7CD900A19448 /* HorizontalCandidateController.swift */,
				5B62A34027AE7CD900A19448 /* CandidateController.swift */,
				5B62A34127AE7CD900A19448 /* VerticalCandidateController.swift */,
			);
			path = CandidateUI;
			sourceTree = "<group>";
		};
		5B62A34227AE7CD900A19448 /* TooltipUI */ = {
			isa = PBXGroup;
			children = (
				5B62A34327AE7CD900A19448 /* TooltipController.swift */,
			);
			path = TooltipUI;
			sourceTree = "<group>";
		};
		5B62A34427AE7CD900A19448 /* NotifierUI */ = {
			isa = PBXGroup;
			children = (
				5B62A34527AE7CD900A19448 /* NotifierController.swift */,
			);
			path = NotifierUI;
			sourceTree = "<group>";
		};
		5B62A35027AE7F6600A19448 /* Data */ = {
			isa = PBXGroup;
			children = (
				5BD05B8027B22F3C004C4F1D /* char-kanji-cns.txt */,
				5B2DB16D27AF6891006D874E /* data-chs.txt */,
				5B2DB16E27AF6891006D874E /* data-cht.txt */,
				5B2DB17127AF8771006D874E /* Makefile */,
			);
			name = Data;
			sourceTree = "<group>";
		};
		5BBBB75C27AED54C0023B93A /* SoundFiles */ = {
			isa = PBXGroup;
			children = (
				5BBBB75D27AED54C0023B93A /* Beep.m4a */,
				5BBBB75E27AED54C0023B93A /* Fart.m4a */,
			);
			path = SoundFiles;
			sourceTree = "<group>";
		};
		5BBBB76E27AED70B0023B93A /* MenuIcons */ = {
			isa = PBXGroup;
			children = (
				5BBBB76F27AED70B0023B93A /* MenuIcon-TCVIM@2x.png */,
				5BBBB77027AED70B0023B93A /* MenuIcon-SCVIM@2x.png */,
				5BBBB77127AED70B0023B93A /* MenuIcon-SCVIM.png */,
				5BBBB77227AED70B0023B93A /* MenuIcon-TCVIM.png */,
			);
			name = MenuIcons;
			path = Source/Resources/MenuIcons;
			sourceTree = SOURCE_ROOT;
		};
		5BBBB77827AEDB330023B93A /* Resources */ = {
			isa = PBXGroup;
			children = (
				6ACA41EA15FC1D9000935EF6 /* InfoPlist.strings */,
				6ACA41EE15FC1D9000935EF6 /* Localizable.strings */,
				6ACA41F015FC1D9000935EF6 /* MainMenu.xib */,
			);
			path = Resources;
			sourceTree = "<group>";
		};
		5BD05BB927B2A429004C4F1D /* UserPhraseEditor */ = {
			isa = PBXGroup;
			children = (
				5BE78BD827B37750005EA1BE /* ctlAboutWindow.swift */,
				5BD05C5A27B2BB6E004C4F1D /* Resources */,
				5BD05BC627B2A42A004C4F1D /* vChewingPhraseEditor.entitlements */,
				5BD05C6227B2BBEF004C4F1D /* AppDelegate.swift */,
				5BD05C6327B2BBEF004C4F1D /* Content.swift */,
				5BD05C6127B2BBEF004C4F1D /* Document.swift */,
				5B0AF8B427B2C8290096FE54 /* StringExtension.swift */,
				5BD05C6527B2BBEF004C4F1D /* ViewController.swift */,
				5BD05C6427B2BBEF004C4F1D /* WindowController.swift */,
				5B73FB5427B2BD6900E9BF49 /* PhraseEditor-Info.plist */,
			);
			path = UserPhraseEditor;
			sourceTree = "<group>";
		};
		5BD05C5A27B2BB6E004C4F1D /* Resources */ = {
			isa = PBXGroup;
			children = (
				5BE78BDA27B37764005EA1BE /* frmAboutWindow.xib */,
				5B73FB6027B2BE1300E9BF49 /* InfoPlist.strings */,
				5BD05C5B27B2BBA9004C4F1D /* Main.storyboard */,
			);
			path = Resources;
			sourceTree = "<group>";
		};
		6A0D4E9215FC0CFA00ABF4B3 = {
			isa = PBXGroup;
			children = (
				5BBD627827B6C4D900271480 /* Update-Info.plist */,
				6ACA41E715FC1D9000935EF6 /* Installer */,
				6A0D4EC215FC0D3C00ABF4B3 /* Source */,
				D427F766278C9CBD004A2160 /* Packages */,
				5BD05BB927B2A429004C4F1D /* UserPhraseEditor */,
				6A0D4EA315FC0D2D00ABF4B3 /* Products */,
				D47D73C127A7200500255A50 /* Frameworks */,
			);
			sourceTree = "<group>";
		};
		6A0D4EA315FC0D2D00ABF4B3 /* Products */ = {
			isa = PBXGroup;
			children = (
				6A0D4EA215FC0D2D00ABF4B3 /* vChewing.app */,
				6ACA41CB15FC1D7500935EF6 /* vChewingInstaller.app */,
				5BD05BB827B2A429004C4F1D /* vChewingPhraseEditor.app */,
			);
			name = Products;
			sourceTree = "<group>";
		};
		6A0D4EC215FC0D3C00ABF4B3 /* Source */ = {
			isa = PBXGroup;
			children = (
				5B62A35027AE7F6600A19448 /* Data */,
				5B62A30127AE732800A19448 /* 3rdParty */,
				5B62A32027AE752000A19448 /* Headers */,
				6A0D4F1215FC0EB100ABF4B3 /* Modules */,
				5B62A33027AE78E500A19448 /* Resources */,
				5B62A33927AE7C6700A19448 /* UI */,
				5B62A33A27AE7C7500A19448 /* WindowControllers */,
				5B62A33B27AE7C7F00A19448 /* WindowNIBs */,
			);
			path = Source;
			sourceTree = "<group>";
		};
		6A0D4EEE15FC0DA600ABF4B3 /* Images */ = {
			isa = PBXGroup;
			children = (
				6A2E40F5253A69DA00D1AE1D /* Images.xcassets */,
			);
			path = Images;
			sourceTree = "<group>";
		};
		6A0D4F1215FC0EB100ABF4B3 /* Modules */ = {
			isa = PBXGroup;
			children = (
				D427F76B278CA1BA004A2160 /* AppDelegate.swift */,
				D47B92BF27972AC800458394 /* main.swift */,
				5B62A31F27AE74E900A19448 /* ControllerModules */,
				5B62A32127AE755D00A19448 /* FileHandlers */,
				5B62A32227AE756300A19448 /* IMEModules */,
				5B62A32427AE757300A19448 /* LangModelRelated */,
				5B62A32327AE756800A19448 /* LanguageParsers */,
				5B62A31E27AE74E400A19448 /* SFX */,
			);
			path = Modules;
			sourceTree = "<group>";
		};
		6A0D4F1315FC0EB100ABF4B3 /* Gramambular */ = {
			isa = PBXGroup;
			children = (
				6A0D4F1415FC0EB100ABF4B3 /* Bigram.h */,
				6A0D4F1515FC0EB100ABF4B3 /* BlockReadingBuilder.h */,
				6A0D4F1615FC0EB100ABF4B3 /* Gramambular.h */,
				6A0D4F1715FC0EB100ABF4B3 /* Grid.h */,
				6A0D4F1815FC0EB100ABF4B3 /* KeyValuePair.h */,
				6A0D4F1915FC0EB100ABF4B3 /* LanguageModel.h */,
				6A0D4F1A15FC0EB100ABF4B3 /* Node.h */,
				6A0D4F1B15FC0EB100ABF4B3 /* NodeAnchor.h */,
				6A0D4F1C15FC0EB100ABF4B3 /* Span.h */,
				6A0D4F1D15FC0EB100ABF4B3 /* Unigram.h */,
				6A0D4F1E15FC0EB100ABF4B3 /* Walker.h */,
			);
			path = Gramambular;
			sourceTree = "<group>";
		};
		6ACA41E715FC1D9000935EF6 /* Installer */ = {
			isa = PBXGroup;
			children = (
				6A225A1E23679F2600F685C6 /* NotarizedArchives */,
				5BBBB77827AEDB330023B93A /* Resources */,
				D4F0BBE0279AF8B30071253C /* AppDelegate.swift */,
				D4F0BBDE279AF1AF0071253C /* ArchiveUtil.swift */,
				6ACA41F215FC1D9000935EF6 /* Installer-Info.plist */,
				6ACA41F315FC1D9000935EF6 /* Installer-Prefix.pch */,
				6A93050C279877FF00D370DA /* vChewingInstaller-Bridging-Header.h */,
				D4F0BBE2279B08900071253C /* Chronosphere.h */,
				D4F0BBE3279B08900071253C /* Chronosphere.m */,
			);
			path = Installer;
			sourceTree = "<group>";
		};
		D427F766278C9CBD004A2160 /* Packages */ = {
			isa = PBXGroup;
			children = (
				5B0CF37F27AD476E00784B08 /* SwiftyOpenCC */,
			);
			name = Packages;
			sourceTree = "<group>";
		};
		D47D73C127A7200500255A50 /* Frameworks */ = {
			isa = PBXGroup;
			children = (
			);
			name = Frameworks;
			sourceTree = "<group>";
		};
/* End PBXGroup section */

/* Begin PBXLegacyTarget section */
		6A38BC2115FC12FD00A8A51F /* Data */ = {
			isa = PBXLegacyTarget;
			buildArgumentsString = "$(ACTION) macv";
			buildConfigurationList = 6A38BC2215FC12FD00A8A51F /* Build configuration list for PBXLegacyTarget "Data" */;
			buildPhases = (
			);
			buildToolPath = /usr/bin/make;
			buildWorkingDirectory = "$(SRCROOT)/Source/Data";
			dependencies = (
			);
			name = Data;
			passBuildSettingsInEnvironment = 1;
			productName = Data;
		};
/* End PBXLegacyTarget section */

/* Begin PBXNativeTarget section */
		5BD05BB727B2A429004C4F1D /* vChewingPhraseEditor */ = {
			isa = PBXNativeTarget;
			buildConfigurationList = 5BD05BC927B2A42A004C4F1D /* Build configuration list for PBXNativeTarget "vChewingPhraseEditor" */;
			buildPhases = (
				5BD05BB427B2A429004C4F1D /* Sources */,
				5BD05BB527B2A429004C4F1D /* Frameworks */,
				5BD05BB627B2A429004C4F1D /* Resources */,
			);
			buildRules = (
			);
			dependencies = (
			);
			name = vChewingPhraseEditor;
			productName = vChewingPhraseEditor;
			productReference = 5BD05BB827B2A429004C4F1D /* vChewingPhraseEditor.app */;
			productType = "com.apple.product-type.application";
		};
		6A0D4EA115FC0D2D00ABF4B3 /* vChewing */ = {
			isa = PBXNativeTarget;
			buildConfigurationList = 6A0D4EC015FC0D2E00ABF4B3 /* Build configuration list for PBXNativeTarget "vChewing" */;
			buildPhases = (
				6A0D4E9E15FC0D2D00ABF4B3 /* Sources */,
				6A0D4E9F15FC0D2D00ABF4B3 /* Frameworks */,
				6A0D4EA015FC0D2D00ABF4B3 /* Resources */,
			);
			buildRules = (
			);
			dependencies = (
				5B0AF8B327B2C4E20096FE54 /* PBXTargetDependency */,
				6A38BC2615FC131100A8A51F /* PBXTargetDependency */,
			);
			name = vChewing;
			packageProductDependencies = (
				5B62A35127AE822400A19448 /* OpenCC */,
			);
			productName = vChewing;
			productReference = 6A0D4EA215FC0D2D00ABF4B3 /* vChewing.app */;
			productType = "com.apple.product-type.application";
		};
		6ACA41CA15FC1D7500935EF6 /* vChewingInstaller */ = {
			isa = PBXNativeTarget;
			buildConfigurationList = 6ACA41E415FC1D7600935EF6 /* Build configuration list for PBXNativeTarget "vChewingInstaller" */;
			buildPhases = (
				6ACA41C715FC1D7500935EF6 /* Sources */,
				6ACA41C815FC1D7500935EF6 /* Frameworks */,
				6ACA41C915FC1D7500935EF6 /* Resources */,
				6A225A2023679F5F00F685C6 /* ShellScript */,
			);
			buildRules = (
			);
			dependencies = (
				6ACA420115FC1DCC00935EF6 /* PBXTargetDependency */,
			);
			name = vChewingInstaller;
			packageProductDependencies = (
			);
			productName = vChewingInstaller;
			productReference = 6ACA41CB15FC1D7500935EF6 /* vChewingInstaller.app */;
			productType = "com.apple.product-type.application";
		};
/* End PBXNativeTarget section */

/* Begin PBXProject section */
		6A0D4E9415FC0CFA00ABF4B3 /* Project object */ = {
			isa = PBXProject;
			attributes = {
				LastSwiftUpdateCheck = 1320;
				LastUpgradeCheck = 1320;
				TargetAttributes = {
					5BD05BB727B2A429004C4F1D = {
						CreatedOnToolsVersion = 13.2;
						LastSwiftMigration = 1320;
					};
					6A0D4EA115FC0D2D00ABF4B3 = {
						LastSwiftMigration = 1240;
					};
					6ACA41CA15FC1D7500935EF6 = {
						LastSwiftMigration = 1320;
					};
				};
			};
			buildConfigurationList = 6A0D4E9715FC0CFA00ABF4B3 /* Build configuration list for PBXProject "vChewing" */;
			compatibilityVersion = "Xcode 3.2";
			developmentRegion = en;
			hasScannedForEncodings = 0;
			knownRegions = (
				en,
				Base,
				"zh-Hant",
				"zh-Hans",
				ja,
			);
			mainGroup = 6A0D4E9215FC0CFA00ABF4B3;
			packageReferences = (
			);
			productRefGroup = 6A0D4EA315FC0D2D00ABF4B3 /* Products */;
			projectDirPath = "";
			projectRoot = "";
			targets = (
				6A0D4EA115FC0D2D00ABF4B3 /* vChewing */,
				6ACA41CA15FC1D7500935EF6 /* vChewingInstaller */,
				5BD05BB727B2A429004C4F1D /* vChewingPhraseEditor */,
				6A38BC2115FC12FD00A8A51F /* Data */,
			);
		};
/* End PBXProject section */

/* Begin PBXResourcesBuildPhase section */
		5BD05BB627B2A429004C4F1D /* Resources */ = {
			isa = PBXResourcesBuildPhase;
			buildActionMask = 2147483647;
			files = (
				5BD05BCA27B2A43D004C4F1D /* Images.xcassets in Resources */,
				5B73FB5E27B2BE1300E9BF49 /* InfoPlist.strings in Resources */,
				5BD05C5D27B2BBA9004C4F1D /* Main.storyboard in Resources */,
				5BE78BDD27B3776D005EA1BE /* frmAboutWindow.xib in Resources */,
			);
			runOnlyForDeploymentPostprocessing = 0;
		};
		6A0D4EA015FC0D2D00ABF4B3 /* Resources */ = {
			isa = PBXResourcesBuildPhase;
			buildActionMask = 2147483647;
			files = (
				5BBBB77427AED70B0023B93A /* MenuIcon-SCVIM@2x.png in Resources */,
				D4E33D8A27A838CF006DB1CF /* Localizable.strings in Resources */,
				5BDCBB2E27B4E67A00D0CC59 /* vChewingPhraseEditor.app in Resources */,
				5BBBB76027AED54C0023B93A /* Fart.m4a in Resources */,
				6A2E40F6253A69DA00D1AE1D /* Images.xcassets in Resources */,
				D4E33D8F27A838F0006DB1CF /* InfoPlist.strings in Resources */,
				5BBBB76B27AED5DB0023B93A /* frmNonModalAlertWindow.xib in Resources */,
				5BBBB76D27AED5DB0023B93A /* frmAboutWindow.xib in Resources */,
				5BBBB77527AED70B0023B93A /* MenuIcon-SCVIM.png in Resources */,
				5B7BC4B027AFFBE800F66C24 /* frmPrefWindow.xib in Resources */,
				5BD05B8127B22F3C004C4F1D /* char-kanji-cns.txt in Resources */,
				5B2DB17027AF6891006D874E /* data-cht.txt in Resources */,
				5BBBB77327AED70B0023B93A /* MenuIcon-TCVIM@2x.png in Resources */,
				5BBBB77627AED70B0023B93A /* MenuIcon-TCVIM.png in Resources */,
				6A187E2616004C5900466B2E /* MainMenu.xib in Resources */,
				5BBBB75F27AED54C0023B93A /* Beep.m4a in Resources */,
				5B30F11327BA568800484E24 /* vChewingKeyLayout.bundle in Resources */,
				5B2DB16F27AF6891006D874E /* data-chs.txt in Resources */,
			);
			runOnlyForDeploymentPostprocessing = 0;
		};
		6ACA41C915FC1D7500935EF6 /* Resources */ = {
			isa = PBXResourcesBuildPhase;
			buildActionMask = 2147483647;
			files = (
				6ACA420215FC1E5200935EF6 /* vChewing.app in Resources */,
				6A2E40F9253A6AA000D1AE1D /* Images.xcassets in Resources */,
				6ACA41FA15FC1D9000935EF6 /* InfoPlist.strings in Resources */,
				6A225A1F23679F2600F685C6 /* NotarizedArchives in Resources */,
				6ACA41FC15FC1D9000935EF6 /* Localizable.strings in Resources */,
				6ACA41FD15FC1D9000935EF6 /* MainMenu.xib in Resources */,
			);
			runOnlyForDeploymentPostprocessing = 0;
		};
/* End PBXResourcesBuildPhase section */

/* Begin PBXShellScriptBuildPhase section */
		6A225A2023679F5F00F685C6 /* ShellScript */ = {
			isa = PBXShellScriptBuildPhase;
			buildActionMask = 2147483647;
			files = (
			);
			inputFileListPaths = (
			);
			inputPaths = (
			);
			outputFileListPaths = (
			);
			outputPaths = (
			);
			runOnlyForDeploymentPostprocessing = 0;
			shellPath = /bin/sh;
			shellScript = "# Remove the README.md in the NotarizedArchives directory\nrm -f \"${TARGET_BUILD_DIR}/${UNLOCALIZED_RESOURCES_FOLDER_PATH}/NotarizedArchives/README.md\"\n";
		};
/* End PBXShellScriptBuildPhase section */

/* Begin PBXSourcesBuildPhase section */
		5BD05BB427B2A429004C4F1D /* Sources */ = {
			isa = PBXSourcesBuildPhase;
			buildActionMask = 2147483647;
			files = (
				5BD05C6A27B2BBEF004C4F1D /* ViewController.swift in Sources */,
				5BD05C6727B2BBEF004C4F1D /* AppDelegate.swift in Sources */,
				5B0AF8B527B2C8290096FE54 /* StringExtension.swift in Sources */,
				5BD05C6927B2BBEF004C4F1D /* WindowController.swift in Sources */,
				5BD05C6627B2BBEF004C4F1D /* Document.swift in Sources */,
				5BD05C6827B2BBEF004C4F1D /* Content.swift in Sources */,
				5BE78BD927B3775B005EA1BE /* ctlAboutWindow.swift in Sources */,
			);
			runOnlyForDeploymentPostprocessing = 0;
		};
		6A0D4E9E15FC0D2D00ABF4B3 /* Sources */ = {
			isa = PBXSourcesBuildPhase;
			buildActionMask = 2147483647;
			files = (
				5B62A31927AE73A700A19448 /* ioapi.m in Sources */,
				5B62A31C27AE73A700A19448 /* AWFileHash.m in Sources */,
				D427F76C278CA2B0004A2160 /* AppDelegate.swift in Sources */,
				6ACC3D442793701600F1B140 /* ParselessPhraseDB.cpp in Sources */,
				D461B792279DAC010070E734 /* InputState.swift in Sources */,
				5B62A33D27AE7CC100A19448 /* ctlAboutWindow.swift in Sources */,
				D47B92C027972AD100458394 /* main.swift in Sources */,
				D44FB74D2792189A003C80A6 /* PhraseReplacementMap.mm in Sources */,
				D4A13D5A27A59F0B003BE359 /* ctlInputMethod.swift in Sources */,
				D4E569DC27A34D0E00AC2CEF /* KeyHandler.mm in Sources */,
				D47F7DD0278C0897002F9DD7 /* ctlNonModalAlertWindow.swift in Sources */,
				5B62A32F27AE78B000A19448 /* CoreLM.mm in Sources */,
				5BE78BE027B38804005EA1BE /* LMConsolidator.mm in Sources */,
				D456576E279E4F7B00DF6BC9 /* KeyHandlerInput.swift in Sources */,
				D47F7DCE278BFB57002F9DD7 /* ctlPrefWindow.swift in Sources */,
				D47D73AC27A6CAE600255A50 /* AssociatedPhrases.mm in Sources */,
				5B62A34A27AE7CD900A19448 /* NotifierController.swift in Sources */,
				5B11328927B94CFB00E58451 /* AppleKeyboardConverter.swift in Sources */,
				5B62A31827AE73A700A19448 /* zip.m in Sources */,
				5B62A32E27AE78B000A19448 /* CNSLM.mm in Sources */,
				D41355DB278E6D17005E5CBD /* vChewingLM.mm in Sources */,
				5B62A31A27AE73A700A19448 /* mztools.m in Sources */,
				5B62A32927AE77D100A19448 /* FSEventStreamHelper.swift in Sources */,
				D47F7DD3278C1263002F9DD7 /* UserOverrideModel.cpp in Sources */,
				5B62A33627AE795800A19448 /* PreferencesModule.swift in Sources */,
				5B62A33827AE79CD00A19448 /* NSStringUtils.swift in Sources */,
				5B62A33227AE792F00A19448 /* InputSourceHelper.swift in Sources */,
				5B62A34927AE7CD900A19448 /* TooltipController.swift in Sources */,
				6A0D4F4515FC0EB100ABF4B3 /* Mandarin.cpp in Sources */,
				5B62A34827AE7CD900A19448 /* VerticalCandidateController.swift in Sources */,
				6ACC3D452793701600F1B140 /* ParselessLM.cpp in Sources */,
				5BBBB77A27AEDC690023B93A /* clsSFX.swift in Sources */,
				5B62A31727AE73A700A19448 /* unzip.m in Sources */,
				5BF8423127BAA942008E7E4C /* vChewingKanjiConverter.swift in Sources */,
				5B62A34627AE7CD900A19448 /* HorizontalCandidateController.swift in Sources */,
				5B62A34727AE7CD900A19448 /* CandidateController.swift in Sources */,
				5B62A31B27AE73A700A19448 /* SSZipArchive.m in Sources */,
				D41355DE278EA3ED005E5CBD /* UserPhrasesLM.mm in Sources */,
				6ACC3D3F27914F2400F1B140 /* KeyValueBlobReader.cpp in Sources */,
				D41355D8278D74B5005E5CBD /* mgrLangModel.mm in Sources */,
			);
			runOnlyForDeploymentPostprocessing = 0;
		};
		6ACA41C715FC1D7500935EF6 /* Sources */ = {
			isa = PBXSourcesBuildPhase;
			buildActionMask = 2147483647;
			files = (
				D4F0BBE1279AF8B30071253C /* AppDelegate.swift in Sources */,
				D4F0BBE4279B08900071253C /* Chronosphere.m in Sources */,
				D4F0BBDF279AF1AF0071253C /* ArchiveUtil.swift in Sources */,
				5B62A35327AE89C400A19448 /* InputSourceHelper.swift in Sources */,
			);
			runOnlyForDeploymentPostprocessing = 0;
		};
/* End PBXSourcesBuildPhase section */

/* Begin PBXTargetDependency section */
		5B0AF8B327B2C4E20096FE54 /* PBXTargetDependency */ = {
			isa = PBXTargetDependency;
			target = 5BD05BB727B2A429004C4F1D /* vChewingPhraseEditor */;
			targetProxy = 5B0AF8B227B2C4E20096FE54 /* PBXContainerItemProxy */;
		};
		6A38BC2615FC131100A8A51F /* PBXTargetDependency */ = {
			isa = PBXTargetDependency;
			target = 6A38BC2115FC12FD00A8A51F /* Data */;
			targetProxy = 6A38BC2515FC131100A8A51F /* PBXContainerItemProxy */;
		};
		6ACA420115FC1DCC00935EF6 /* PBXTargetDependency */ = {
			isa = PBXTargetDependency;
			target = 6A0D4EA115FC0D2D00ABF4B3 /* vChewing */;
			targetProxy = 6ACA420015FC1DCC00935EF6 /* PBXContainerItemProxy */;
		};
/* End PBXTargetDependency section */

/* Begin PBXVariantGroup section */
		5B73FB6027B2BE1300E9BF49 /* InfoPlist.strings */ = {
			isa = PBXVariantGroup;
			children = (
				5B73FB5F27B2BE1300E9BF49 /* en */,
				5BDCBB4D27B4F6C700D0CC59 /* zh-Hant */,
				5B04305C27B529D900CB65BC /* zh-Hans */,
				5B04306627B5312E00CB65BC /* ja */,
			);
			name = InfoPlist.strings;
			sourceTree = "<group>";
		};
		5B7BC4AE27AFFBE800F66C24 /* frmPrefWindow.xib */ = {
			isa = PBXVariantGroup;
			children = (
				5B7BC4AF27AFFBE800F66C24 /* Base */,
				5B7BC4B227AFFC0B00F66C24 /* en */,
				5BDCBB4527B4F6C600D0CC59 /* zh-Hant */,
				5B04305927B529D800CB65BC /* zh-Hans */,
				5B04306427B5312E00CB65BC /* ja */,
			);
			name = frmPrefWindow.xib;
			sourceTree = "<group>";
		};
		5BBBB76527AED5DB0023B93A /* frmNonModalAlertWindow.xib */ = {
			isa = PBXVariantGroup;
			children = (
				5BBBB76627AED5DB0023B93A /* Base */,
			);
			name = frmNonModalAlertWindow.xib;
			sourceTree = "<group>";
		};
		5BBBB76927AED5DB0023B93A /* frmAboutWindow.xib */ = {
			isa = PBXVariantGroup;
			children = (
				5BBBB76A27AED5DB0023B93A /* Base */,
				5B05A47F27AFF84200437698 /* en */,
				5BDCBB4327B4F6C600D0CC59 /* zh-Hant */,
				5B04305827B529D800CB65BC /* zh-Hans */,
				5B04306327B5312E00CB65BC /* ja */,
			);
			name = frmAboutWindow.xib;
			sourceTree = "<group>";
		};
		5BD05C5B27B2BBA9004C4F1D /* Main.storyboard */ = {
			isa = PBXVariantGroup;
			children = (
				5BD05C5C27B2BBA9004C4F1D /* Base */,
				5BFDF48C27B51867009523B6 /* zh-Hant */,
				5B04305D27B529D900CB65BC /* zh-Hans */,
				5B04306727B5312E00CB65BC /* ja */,
			);
			name = Main.storyboard;
			sourceTree = "<group>";
		};
		5BE78BDA27B37764005EA1BE /* frmAboutWindow.xib */ = {
			isa = PBXVariantGroup;
			children = (
				5BE78BDB27B37764005EA1BE /* Base */,
				5BE78BDF27B37968005EA1BE /* en */,
				5BDCBB4B27B4F6C700D0CC59 /* zh-Hant */,
				5B04305B27B529D900CB65BC /* zh-Hans */,
				5B04306527B5312E00CB65BC /* ja */,
			);
			name = frmAboutWindow.xib;
			sourceTree = "<group>";
		};
		6A187E2816004C5900466B2E /* MainMenu.xib */ = {
			isa = PBXVariantGroup;
			children = (
				6A15B32521A51F2300B92CD3 /* Base */,
			);
			name = MainMenu.xib;
			sourceTree = "<group>";
		};
		6ACA41EA15FC1D9000935EF6 /* InfoPlist.strings */ = {
			isa = PBXVariantGroup;
			children = (
				6ACA41EB15FC1D9000935EF6 /* en */,
				5BDCBB4727B4F6C600D0CC59 /* zh-Hant */,
				5B04305327B529D800CB65BC /* zh-Hans */,
				5B04305E27B5312E00CB65BC /* ja */,
			);
			name = InfoPlist.strings;
			sourceTree = "<group>";
		};
		6ACA41EE15FC1D9000935EF6 /* Localizable.strings */ = {
			isa = PBXVariantGroup;
			children = (
				6ACA41EF15FC1D9000935EF6 /* en */,
				5BDCBB4827B4F6C600D0CC59 /* zh-Hant */,
				5B04305427B529D800CB65BC /* zh-Hans */,
				5B04305F27B5312E00CB65BC /* ja */,
			);
			name = Localizable.strings;
			sourceTree = "<group>";
		};
		6ACA41F015FC1D9000935EF6 /* MainMenu.xib */ = {
			isa = PBXVariantGroup;
			children = (
				6A15B32421A51F2300B92CD3 /* Base */,
				5BBBB77727AEDB290023B93A /* en */,
				5BDCBB4227B4F6C600D0CC59 /* zh-Hant */,
				5B04305527B529D800CB65BC /* zh-Hans */,
				5B04306027B5312E00CB65BC /* ja */,
			);
			name = MainMenu.xib;
			sourceTree = "<group>";
		};
		D4E33D8827A838CF006DB1CF /* Localizable.strings */ = {
			isa = PBXVariantGroup;
			children = (
				D4E33D8927A838CF006DB1CF /* Base */,
				5B05A47C27AFF7CF00437698 /* en */,
				5BDCBB4A27B4F6C700D0CC59 /* zh-Hant */,
				5B04305727B529D800CB65BC /* zh-Hans */,
				5B04306227B5312E00CB65BC /* ja */,
			);
			name = Localizable.strings;
			sourceTree = "<group>";
		};
		D4E33D8D27A838F0006DB1CF /* InfoPlist.strings */ = {
			isa = PBXVariantGroup;
			children = (
				D4E33D8E27A838F0006DB1CF /* Base */,
				5B05A47B27AFF7CA00437698 /* en */,
				5BDCBB4927B4F6C700D0CC59 /* zh-Hant */,
				5B04305627B529D800CB65BC /* zh-Hans */,
				5B04306127B5312E00CB65BC /* ja */,
			);
			name = InfoPlist.strings;
			sourceTree = "<group>";
		};
/* End PBXVariantGroup section */

/* Begin XCBuildConfiguration section */
		5BD05BC727B2A42A004C4F1D /* Debug */ = {
			isa = XCBuildConfiguration;
			buildSettings = {
				ALWAYS_SEARCH_USER_PATHS = NO;
				ASSETCATALOG_COMPILER_APPICON_NAME = AppIcon;
				CLANG_ANALYZER_NONNULL = YES;
				CLANG_ANALYZER_NUMBER_OBJECT_CONVERSION = YES_AGGRESSIVE;
				CLANG_CXX_LANGUAGE_STANDARD = "gnu++17";
				CLANG_CXX_LIBRARY = "libc++";
				CLANG_ENABLE_MODULES = YES;
				CLANG_ENABLE_OBJC_ARC = YES;
				CLANG_ENABLE_OBJC_WEAK = YES;
				CLANG_WARN_DIRECT_OBJC_ISA_USAGE = YES_ERROR;
				CLANG_WARN_DOCUMENTATION_COMMENTS = YES;
				CLANG_WARN_OBJC_ROOT_CLASS = YES_ERROR;
				CLANG_WARN_UNGUARDED_AVAILABILITY = YES_AGGRESSIVE;
				CODE_SIGN_IDENTITY = "-";
				CODE_SIGN_STYLE = Automatic;
				COMBINE_HIDPI_IMAGES = YES;
				COPY_PHASE_STRIP = NO;
				CURRENT_PROJECT_VERSION = 1921;
				DEBUG_INFORMATION_FORMAT = dwarf;
				GCC_C_LANGUAGE_STANDARD = gnu11;
				GCC_DYNAMIC_NO_PIC = NO;
				GCC_OPTIMIZATION_LEVEL = 0;
				GCC_PREPROCESSOR_DEFINITIONS = (
					"DEBUG=1",
					"$(inherited)",
				);
				GCC_WARN_ABOUT_RETURN_TYPE = YES_ERROR;
				GCC_WARN_UNINITIALIZED_AUTOS = YES_AGGRESSIVE;
				GENERATE_INFOPLIST_FILE = YES;
				INFOPLIST_FILE = "UserPhraseEditor/PhraseEditor-Info.plist";
				INFOPLIST_KEY_LSApplicationCategoryType = "public.app-category.utilities";
				INFOPLIST_KEY_NSHumanReadableCopyright = "© 2021-2022 vChewing Project.";
				INFOPLIST_KEY_NSMainStoryboardFile = Main;
				INFOPLIST_KEY_NSPrincipalClass = NSApplication;
				LD_RUNPATH_SEARCH_PATHS = (
					"$(inherited)",
					"@executable_path/../Frameworks",
				);
				MACOSX_DEPLOYMENT_TARGET = 10.11.5;
				MARKETING_VERSION = 1.3.2;
				MTL_ENABLE_DEBUG_INFO = INCLUDE_SOURCE;
				MTL_FAST_MATH = YES;
				PRODUCT_BUNDLE_IDENTIFIER = org.atelierInmu.vChewing.vChewingPhraseEditor;
				PRODUCT_NAME = "$(TARGET_NAME)";
				SDKROOT = macosx;
				SWIFT_ACTIVE_COMPILATION_CONDITIONS = DEBUG;
				SWIFT_EMIT_LOC_STRINGS = YES;
				SWIFT_OPTIMIZATION_LEVEL = "-Onone";
				SWIFT_VERSION = 5.0;
			};
			name = Debug;
		};
		5BD05BC827B2A42A004C4F1D /* Release */ = {
			isa = XCBuildConfiguration;
			buildSettings = {
				ALWAYS_SEARCH_USER_PATHS = NO;
				ASSETCATALOG_COMPILER_APPICON_NAME = AppIcon;
				CLANG_ANALYZER_NONNULL = YES;
				CLANG_ANALYZER_NUMBER_OBJECT_CONVERSION = YES_AGGRESSIVE;
				CLANG_CXX_LANGUAGE_STANDARD = "gnu++17";
				CLANG_CXX_LIBRARY = "libc++";
				CLANG_ENABLE_MODULES = YES;
				CLANG_ENABLE_OBJC_ARC = YES;
				CLANG_ENABLE_OBJC_WEAK = YES;
				CLANG_WARN_DIRECT_OBJC_ISA_USAGE = YES_ERROR;
				CLANG_WARN_DOCUMENTATION_COMMENTS = YES;
				CLANG_WARN_OBJC_ROOT_CLASS = YES_ERROR;
				CLANG_WARN_UNGUARDED_AVAILABILITY = YES_AGGRESSIVE;
				CODE_SIGN_IDENTITY = "-";
				CODE_SIGN_STYLE = Automatic;
				COMBINE_HIDPI_IMAGES = YES;
				COPY_PHASE_STRIP = NO;
				CURRENT_PROJECT_VERSION = 1921;
				DEBUG_INFORMATION_FORMAT = "dwarf-with-dsym";
				ENABLE_NS_ASSERTIONS = NO;
				GCC_C_LANGUAGE_STANDARD = gnu11;
				GCC_WARN_ABOUT_RETURN_TYPE = YES_ERROR;
				GCC_WARN_UNINITIALIZED_AUTOS = YES_AGGRESSIVE;
				GENERATE_INFOPLIST_FILE = YES;
				INFOPLIST_FILE = "UserPhraseEditor/PhraseEditor-Info.plist";
				INFOPLIST_KEY_LSApplicationCategoryType = "public.app-category.utilities";
				INFOPLIST_KEY_NSHumanReadableCopyright = "© 2021-2022 vChewing Project.";
				INFOPLIST_KEY_NSMainStoryboardFile = Main;
				INFOPLIST_KEY_NSPrincipalClass = NSApplication;
				LD_RUNPATH_SEARCH_PATHS = (
					"$(inherited)",
					"@executable_path/../Frameworks",
				);
				MACOSX_DEPLOYMENT_TARGET = 10.11.5;
				MARKETING_VERSION = 1.3.2;
				MTL_ENABLE_DEBUG_INFO = NO;
				MTL_FAST_MATH = YES;
				PRODUCT_BUNDLE_IDENTIFIER = org.atelierInmu.vChewing.vChewingPhraseEditor;
				PRODUCT_NAME = "$(TARGET_NAME)";
				SDKROOT = macosx;
				SWIFT_EMIT_LOC_STRINGS = YES;
				SWIFT_OPTIMIZATION_LEVEL = "-O";
				SWIFT_VERSION = 5.0;
			};
			name = Release;
		};
		6A0D4E9915FC0CFA00ABF4B3 /* Debug */ = {
			isa = XCBuildConfiguration;
			buildSettings = {
				CLANG_ANALYZER_LOCALIZABILITY_NONLOCALIZED = YES;
				CLANG_ENABLE_MODULES = YES;
				CLANG_WARN_BLOCK_CAPTURE_AUTORELEASING = YES;
				CLANG_WARN_BOOL_CONVERSION = YES;
				CLANG_WARN_COMMA = YES;
				CLANG_WARN_CONSTANT_CONVERSION = YES;
				CLANG_WARN_DEPRECATED_OBJC_IMPLEMENTATIONS = YES;
				CLANG_WARN_EMPTY_BODY = YES;
				CLANG_WARN_ENUM_CONVERSION = YES;
				CLANG_WARN_INFINITE_RECURSION = YES;
				CLANG_WARN_INT_CONVERSION = YES;
				CLANG_WARN_NON_LITERAL_NULL_CONVERSION = YES;
				CLANG_WARN_OBJC_IMPLICIT_RETAIN_SELF = YES;
				CLANG_WARN_OBJC_LITERAL_CONVERSION = YES;
				CLANG_WARN_QUOTED_INCLUDE_IN_FRAMEWORK_HEADER = YES;
				CLANG_WARN_RANGE_LOOP_ANALYSIS = YES;
				CLANG_WARN_STRICT_PROTOTYPES = YES;
				CLANG_WARN_SUSPICIOUS_MOVE = YES;
				CLANG_WARN_UNREACHABLE_CODE = YES;
				CLANG_WARN__DUPLICATE_METHOD_MATCH = YES;
				COPY_PHASE_STRIP = NO;
				ENABLE_STRICT_OBJC_MSGSEND = YES;
				ENABLE_TESTABILITY = YES;
				GCC_NO_COMMON_BLOCKS = YES;
				GCC_WARN_64_TO_32_BIT_CONVERSION = YES;
				GCC_WARN_ABOUT_RETURN_TYPE = YES;
				GCC_WARN_UNDECLARED_SELECTOR = YES;
				GCC_WARN_UNINITIALIZED_AUTOS = YES;
				GCC_WARN_UNUSED_FUNCTION = YES;
				GCC_WARN_UNUSED_VARIABLE = YES;
				MACOSX_DEPLOYMENT_TARGET = 10.11.5;
				ONLY_ACTIVE_ARCH = YES;
				OTHER_CPLUSPLUSFLAGS = (
					"$(OTHER_CFLAGS)",
					"-fcxx-modules",
				);
			};
			name = Debug;
		};
		6A0D4E9A15FC0CFA00ABF4B3 /* Release */ = {
			isa = XCBuildConfiguration;
			buildSettings = {
				CLANG_ANALYZER_LOCALIZABILITY_NONLOCALIZED = YES;
				CLANG_ENABLE_MODULES = YES;
				CLANG_WARN_BLOCK_CAPTURE_AUTORELEASING = YES;
				CLANG_WARN_BOOL_CONVERSION = YES;
				CLANG_WARN_COMMA = YES;
				CLANG_WARN_CONSTANT_CONVERSION = YES;
				CLANG_WARN_DEPRECATED_OBJC_IMPLEMENTATIONS = YES;
				CLANG_WARN_EMPTY_BODY = YES;
				CLANG_WARN_ENUM_CONVERSION = YES;
				CLANG_WARN_INFINITE_RECURSION = YES;
				CLANG_WARN_INT_CONVERSION = YES;
				CLANG_WARN_NON_LITERAL_NULL_CONVERSION = YES;
				CLANG_WARN_OBJC_IMPLICIT_RETAIN_SELF = YES;
				CLANG_WARN_OBJC_LITERAL_CONVERSION = YES;
				CLANG_WARN_QUOTED_INCLUDE_IN_FRAMEWORK_HEADER = YES;
				CLANG_WARN_RANGE_LOOP_ANALYSIS = YES;
				CLANG_WARN_STRICT_PROTOTYPES = YES;
				CLANG_WARN_SUSPICIOUS_MOVE = YES;
				CLANG_WARN_UNREACHABLE_CODE = YES;
				CLANG_WARN__DUPLICATE_METHOD_MATCH = YES;
				COPY_PHASE_STRIP = NO;
				ENABLE_STRICT_OBJC_MSGSEND = YES;
				GCC_NO_COMMON_BLOCKS = YES;
				GCC_WARN_64_TO_32_BIT_CONVERSION = YES;
				GCC_WARN_ABOUT_RETURN_TYPE = YES;
				GCC_WARN_UNDECLARED_SELECTOR = YES;
				GCC_WARN_UNINITIALIZED_AUTOS = YES;
				GCC_WARN_UNUSED_FUNCTION = YES;
				GCC_WARN_UNUSED_VARIABLE = YES;
				MACOSX_DEPLOYMENT_TARGET = 10.11.5;
				OTHER_CPLUSPLUSFLAGS = (
					"$(OTHER_CFLAGS)",
					"-fcxx-modules",
				);
				SWIFT_COMPILATION_MODE = wholemodule;
			};
			name = Release;
		};
		6A0D4EBE15FC0D2E00ABF4B3 /* Debug */ = {
			isa = XCBuildConfiguration;
			buildSettings = {
				ALWAYS_SEARCH_USER_PATHS = NO;
				ASSETCATALOG_COMPILER_APPICON_NAME = AppIcon;
				CLANG_CXX_LANGUAGE_STANDARD = "c++17";
				CLANG_CXX_LIBRARY = "libc++";
				CLANG_ENABLE_MODULES = YES;
				CLANG_ENABLE_OBJC_ARC = YES;
				CLANG_ENABLE_OBJC_WEAK = YES;
				CLANG_WARN_DEPRECATED_OBJC_IMPLEMENTATIONS = YES;
				CLANG_WARN_IMPLICIT_SIGN_CONVERSION = NO;
				CLANG_WARN_OBJC_IMPLICIT_ATOMIC_PROPERTIES = YES;
				CLANG_WARN_OBJC_MISSING_PROPERTY_SYNTHESIS = YES;
				CLANG_WARN__DUPLICATE_METHOD_MATCH = YES;
				CODE_SIGN_IDENTITY = "-";
				CODE_SIGN_STYLE = Automatic;
				COMBINE_HIDPI_IMAGES = YES;
				COPY_PHASE_STRIP = NO;
				CURRENT_PROJECT_VERSION = 1921;
				DEVELOPMENT_TEAM = "";
				GCC_C_LANGUAGE_STANDARD = gnu99;
				GCC_DYNAMIC_NO_PIC = NO;
				GCC_ENABLE_OBJC_EXCEPTIONS = YES;
				GCC_OPTIMIZATION_LEVEL = 0;
				GCC_PRECOMPILE_PREFIX_HEADER = YES;
				GCC_PREFIX_HEADER = "Source/Headers/vChewing-Prefix.pch";
				GCC_PREPROCESSOR_DEFINITIONS = (
					"DEBUG=1",
					"$(inherited)",
				);
				GCC_SYMBOLS_PRIVATE_EXTERN = NO;
				GCC_TREAT_WARNINGS_AS_ERRORS = YES;
				GCC_WARN_64_TO_32_BIT_CONVERSION = YES;
				GCC_WARN_ABOUT_MISSING_FIELD_INITIALIZERS = YES;
				GCC_WARN_ABOUT_MISSING_NEWLINE = YES;
				GCC_WARN_ABOUT_MISSING_PROTOTYPES = YES;
				GCC_WARN_ABOUT_RETURN_TYPE = YES;
				GCC_WARN_INITIALIZER_NOT_FULLY_BRACKETED = YES;
				GCC_WARN_PEDANTIC = YES;
				GCC_WARN_SHADOW = YES;
				GCC_WARN_UNDECLARED_SELECTOR = YES;
				GCC_WARN_UNINITIALIZED_AUTOS = YES;
				GCC_WARN_UNKNOWN_PRAGMAS = YES;
				GCC_WARN_UNUSED_FUNCTION = YES;
				GCC_WARN_UNUSED_LABEL = YES;
				GCC_WARN_UNUSED_VARIABLE = YES;
				INFOPLIST_FILE = "Source/Resources/IME-Info.plist";
				LD_RUNPATH_SEARCH_PATHS = (
					"$(inherited)",
					"@executable_path/../Frameworks",
				);
				MACOSX_DEPLOYMENT_TARGET = 10.11.5;
				MARKETING_VERSION = 1.3.2;
				ONLY_ACTIVE_ARCH = YES;
				PRODUCT_BUNDLE_IDENTIFIER = org.atelierInmu.inputmethod.vChewing;
				PRODUCT_NAME = "$(TARGET_NAME)";
				PROVISIONING_PROFILE_SPECIFIER = "";
				SDKROOT = macosx;
				SWIFT_OBJC_BRIDGING_HEADER = "Source/Headers/vChewing-Bridging-Header.h";
				SWIFT_OPTIMIZATION_LEVEL = "-Onone";
				SWIFT_VERSION = 5.0;
				WRAPPER_EXTENSION = app;
			};
			name = Debug;
		};
		6A0D4EBF15FC0D2E00ABF4B3 /* Release */ = {
			isa = XCBuildConfiguration;
			buildSettings = {
				ALWAYS_SEARCH_USER_PATHS = NO;
				ASSETCATALOG_COMPILER_APPICON_NAME = AppIcon;
				CLANG_CXX_LANGUAGE_STANDARD = "c++17";
				CLANG_CXX_LIBRARY = "libc++";
				CLANG_ENABLE_MODULES = YES;
				CLANG_ENABLE_OBJC_ARC = YES;
				CLANG_ENABLE_OBJC_WEAK = YES;
				CLANG_WARN_DEPRECATED_OBJC_IMPLEMENTATIONS = YES;
				CLANG_WARN_IMPLICIT_SIGN_CONVERSION = NO;
				CLANG_WARN_OBJC_IMPLICIT_ATOMIC_PROPERTIES = YES;
				CLANG_WARN_OBJC_MISSING_PROPERTY_SYNTHESIS = YES;
				CLANG_WARN__DUPLICATE_METHOD_MATCH = YES;
				CODE_SIGN_IDENTITY = "-";
				CODE_SIGN_STYLE = Automatic;
				COMBINE_HIDPI_IMAGES = YES;
				COPY_PHASE_STRIP = NO;
				CURRENT_PROJECT_VERSION = 1921;
				DEBUG_INFORMATION_FORMAT = "dwarf-with-dsym";
				DEVELOPMENT_TEAM = "";
				GCC_C_LANGUAGE_STANDARD = gnu99;
				GCC_ENABLE_OBJC_EXCEPTIONS = YES;
				GCC_PRECOMPILE_PREFIX_HEADER = YES;
				GCC_PREFIX_HEADER = "Source/Headers/vChewing-Prefix.pch";
				GCC_TREAT_WARNINGS_AS_ERRORS = YES;
				GCC_WARN_64_TO_32_BIT_CONVERSION = YES;
				GCC_WARN_ABOUT_MISSING_FIELD_INITIALIZERS = YES;
				GCC_WARN_ABOUT_MISSING_NEWLINE = YES;
				GCC_WARN_ABOUT_MISSING_PROTOTYPES = YES;
				GCC_WARN_ABOUT_RETURN_TYPE = YES;
				GCC_WARN_INITIALIZER_NOT_FULLY_BRACKETED = YES;
				GCC_WARN_PEDANTIC = YES;
				GCC_WARN_SHADOW = YES;
				GCC_WARN_UNDECLARED_SELECTOR = YES;
				GCC_WARN_UNINITIALIZED_AUTOS = YES;
				GCC_WARN_UNKNOWN_PRAGMAS = YES;
				GCC_WARN_UNUSED_FUNCTION = YES;
				GCC_WARN_UNUSED_LABEL = YES;
				GCC_WARN_UNUSED_VARIABLE = YES;
				INFOPLIST_FILE = "Source/Resources/IME-Info.plist";
				LD_RUNPATH_SEARCH_PATHS = (
					"$(inherited)",
					"@executable_path/../Frameworks",
				);
				MACOSX_DEPLOYMENT_TARGET = 10.11.5;
				MARKETING_VERSION = 1.3.2;
				PRODUCT_BUNDLE_IDENTIFIER = org.atelierInmu.inputmethod.vChewing;
				PRODUCT_NAME = "$(TARGET_NAME)";
				PROVISIONING_PROFILE_SPECIFIER = "";
				SDKROOT = macosx;
				SWIFT_OBJC_BRIDGING_HEADER = "Source/Headers/vChewing-Bridging-Header.h";
				SWIFT_VERSION = 5.0;
				WRAPPER_EXTENSION = app;
			};
			name = Release;
		};
		6A38BC2315FC12FD00A8A51F /* Debug */ = {
			isa = XCBuildConfiguration;
			buildSettings = {
				ALWAYS_SEARCH_USER_PATHS = NO;
				CLANG_CXX_LANGUAGE_STANDARD = "gnu++0x";
				CLANG_ENABLE_OBJC_WEAK = YES;
				CLANG_WARN__DUPLICATE_METHOD_MATCH = YES;
				COMBINE_HIDPI_IMAGES = YES;
				COPY_PHASE_STRIP = NO;
				DEBUGGING_SYMBOLS = YES;
				GCC_C_LANGUAGE_STANDARD = gnu99;
				GCC_DYNAMIC_NO_PIC = NO;
				GCC_ENABLE_OBJC_EXCEPTIONS = YES;
				GCC_GENERATE_DEBUGGING_SYMBOLS = YES;
				GCC_OPTIMIZATION_LEVEL = 0;
				GCC_PREPROCESSOR_DEFINITIONS = (
					"DEBUG=1",
					"$(inherited)",
				);
				GCC_SYMBOLS_PRIVATE_EXTERN = NO;
				GCC_WARN_64_TO_32_BIT_CONVERSION = YES;
				GCC_WARN_ABOUT_RETURN_TYPE = YES;
				GCC_WARN_UNINITIALIZED_AUTOS = YES;
				GCC_WARN_UNUSED_VARIABLE = YES;
				MACOSX_DEPLOYMENT_TARGET = 10.10;
				ONLY_ACTIVE_ARCH = YES;
				OTHER_CFLAGS = "";
				OTHER_LDFLAGS = "";
				PRODUCT_NAME = "$(TARGET_NAME)";
				SDKROOT = macosx;
			};
			name = Debug;
		};
		6A38BC2415FC12FD00A8A51F /* Release */ = {
			isa = XCBuildConfiguration;
			buildSettings = {
				ALWAYS_SEARCH_USER_PATHS = NO;
				CLANG_CXX_LANGUAGE_STANDARD = "gnu++0x";
				CLANG_ENABLE_OBJC_WEAK = YES;
				CLANG_WARN__DUPLICATE_METHOD_MATCH = YES;
				COMBINE_HIDPI_IMAGES = YES;
				COPY_PHASE_STRIP = YES;
				DEBUG_INFORMATION_FORMAT = "dwarf-with-dsym";
				GCC_C_LANGUAGE_STANDARD = gnu99;
				GCC_ENABLE_OBJC_EXCEPTIONS = YES;
				GCC_WARN_64_TO_32_BIT_CONVERSION = YES;
				GCC_WARN_ABOUT_RETURN_TYPE = YES;
				GCC_WARN_UNINITIALIZED_AUTOS = YES;
				GCC_WARN_UNUSED_VARIABLE = YES;
				MACOSX_DEPLOYMENT_TARGET = 10.10;
				OTHER_CFLAGS = "";
				OTHER_LDFLAGS = "";
				PRODUCT_NAME = "$(TARGET_NAME)";
				SDKROOT = macosx;
			};
			name = Release;
		};
		6ACA41E515FC1D7600935EF6 /* Debug */ = {
			isa = XCBuildConfiguration;
			buildSettings = {
				ALWAYS_SEARCH_USER_PATHS = NO;
				ASSETCATALOG_COMPILER_APPICON_NAME = AppIcon;
				CLANG_CXX_LANGUAGE_STANDARD = "c++17";
				CLANG_CXX_LIBRARY = "libc++";
				CLANG_ENABLE_MODULES = YES;
				CLANG_ENABLE_OBJC_ARC = YES;
				CLANG_ENABLE_OBJC_WEAK = YES;
				CLANG_WARN__DUPLICATE_METHOD_MATCH = YES;
				CODE_SIGN_IDENTITY = "-";
				CODE_SIGN_STYLE = Automatic;
				COMBINE_HIDPI_IMAGES = YES;
				COPY_PHASE_STRIP = NO;
				CURRENT_PROJECT_VERSION = 1921;
				DEVELOPMENT_TEAM = "";
				GCC_C_LANGUAGE_STANDARD = gnu99;
				GCC_DYNAMIC_NO_PIC = NO;
				GCC_ENABLE_OBJC_EXCEPTIONS = YES;
				GCC_OPTIMIZATION_LEVEL = 0;
				GCC_PRECOMPILE_PREFIX_HEADER = YES;
				GCC_PREFIX_HEADER = "Installer/Installer-Prefix.pch";
				GCC_PREPROCESSOR_DEFINITIONS = (
					"DEBUG=1",
					"$(inherited)",
				);
				GCC_SYMBOLS_PRIVATE_EXTERN = NO;
				GCC_TREAT_WARNINGS_AS_ERRORS = YES;
				GCC_WARN_64_TO_32_BIT_CONVERSION = YES;
				GCC_WARN_ABOUT_RETURN_TYPE = YES;
				GCC_WARN_UNINITIALIZED_AUTOS = YES;
				GCC_WARN_UNUSED_VARIABLE = YES;
				HEADER_SEARCH_PATHS = ../;
				INFOPLIST_FILE = "Installer/Installer-Info.plist";
				LD_RUNPATH_SEARCH_PATHS = (
					"$(inherited)",
					"@executable_path/../Frameworks",
				);
				MACOSX_DEPLOYMENT_TARGET = 10.11.5;
				MARKETING_VERSION = 1.3.2;
				ONLY_ACTIVE_ARCH = YES;
				PRODUCT_BUNDLE_IDENTIFIER = "org.atelierInmu.vChewing.${PRODUCT_NAME:rfc1034identifier}";
				PRODUCT_NAME = "$(TARGET_NAME)";
				PROVISIONING_PROFILE_SPECIFIER = "";
				SDKROOT = macosx;
				SWIFT_OBJC_BRIDGING_HEADER = "Installer/vChewingInstaller-Bridging-Header.h";
				SWIFT_OPTIMIZATION_LEVEL = "-Onone";
				SWIFT_VERSION = 5.0;
				WRAPPER_EXTENSION = app;
			};
			name = Debug;
		};
		6ACA41E615FC1D7600935EF6 /* Release */ = {
			isa = XCBuildConfiguration;
			buildSettings = {
				ALWAYS_SEARCH_USER_PATHS = NO;
				ASSETCATALOG_COMPILER_APPICON_NAME = AppIcon;
				CLANG_CXX_LANGUAGE_STANDARD = "c++17";
				CLANG_CXX_LIBRARY = "libc++";
				CLANG_ENABLE_MODULES = YES;
				CLANG_ENABLE_OBJC_ARC = YES;
				CLANG_ENABLE_OBJC_WEAK = YES;
				CLANG_WARN__DUPLICATE_METHOD_MATCH = YES;
				CODE_SIGN_IDENTITY = "-";
				CODE_SIGN_STYLE = Automatic;
				COMBINE_HIDPI_IMAGES = YES;
				COPY_PHASE_STRIP = NO;
				CURRENT_PROJECT_VERSION = 1921;
				DEBUG_INFORMATION_FORMAT = "dwarf-with-dsym";
				DEVELOPMENT_TEAM = "";
				GCC_C_LANGUAGE_STANDARD = gnu99;
				GCC_ENABLE_OBJC_EXCEPTIONS = YES;
				GCC_PRECOMPILE_PREFIX_HEADER = YES;
				GCC_PREFIX_HEADER = "Installer/Installer-Prefix.pch";
				GCC_TREAT_WARNINGS_AS_ERRORS = YES;
				GCC_WARN_64_TO_32_BIT_CONVERSION = YES;
				GCC_WARN_ABOUT_RETURN_TYPE = YES;
				GCC_WARN_UNINITIALIZED_AUTOS = YES;
				GCC_WARN_UNUSED_VARIABLE = YES;
				HEADER_SEARCH_PATHS = ../;
				INFOPLIST_FILE = "Installer/Installer-Info.plist";
				LD_RUNPATH_SEARCH_PATHS = (
					"$(inherited)",
					"@executable_path/../Frameworks",
				);
				MACOSX_DEPLOYMENT_TARGET = 10.11.5;
				MARKETING_VERSION = 1.3.2;
				PRODUCT_BUNDLE_IDENTIFIER = "org.atelierInmu.vChewing.${PRODUCT_NAME:rfc1034identifier}";
				PRODUCT_NAME = "$(TARGET_NAME)";
				PROVISIONING_PROFILE_SPECIFIER = "";
				SDKROOT = macosx;
				SWIFT_OBJC_BRIDGING_HEADER = "Installer/vChewingInstaller-Bridging-Header.h";
				SWIFT_VERSION = 5.0;
				WRAPPER_EXTENSION = app;
			};
			name = Release;
		};
/* End XCBuildConfiguration section */

/* Begin XCConfigurationList section */
		5BD05BC927B2A42A004C4F1D /* Build configuration list for PBXNativeTarget "vChewingPhraseEditor" */ = {
			isa = XCConfigurationList;
			buildConfigurations = (
				5BD05BC727B2A42A004C4F1D /* Debug */,
				5BD05BC827B2A42A004C4F1D /* Release */,
			);
			defaultConfigurationIsVisible = 0;
			defaultConfigurationName = Release;
		};
		6A0D4E9715FC0CFA00ABF4B3 /* Build configuration list for PBXProject "vChewing" */ = {
			isa = XCConfigurationList;
			buildConfigurations = (
				6A0D4E9915FC0CFA00ABF4B3 /* Debug */,
				6A0D4E9A15FC0CFA00ABF4B3 /* Release */,
			);
			defaultConfigurationIsVisible = 0;
			defaultConfigurationName = Release;
		};
		6A0D4EC015FC0D2E00ABF4B3 /* Build configuration list for PBXNativeTarget "vChewing" */ = {
			isa = XCConfigurationList;
			buildConfigurations = (
				6A0D4EBE15FC0D2E00ABF4B3 /* Debug */,
				6A0D4EBF15FC0D2E00ABF4B3 /* Release */,
			);
			defaultConfigurationIsVisible = 0;
			defaultConfigurationName = Release;
		};
		6A38BC2215FC12FD00A8A51F /* Build configuration list for PBXLegacyTarget "Data" */ = {
			isa = XCConfigurationList;
			buildConfigurations = (
				6A38BC2315FC12FD00A8A51F /* Debug */,
				6A38BC2415FC12FD00A8A51F /* Release */,
			);
			defaultConfigurationIsVisible = 0;
			defaultConfigurationName = Release;
		};
		6ACA41E415FC1D7600935EF6 /* Build configuration list for PBXNativeTarget "vChewingInstaller" */ = {
			isa = XCConfigurationList;
			buildConfigurations = (
				6ACA41E515FC1D7600935EF6 /* Debug */,
				6ACA41E615FC1D7600935EF6 /* Release */,
			);
			defaultConfigurationIsVisible = 0;
			defaultConfigurationName = Release;
		};
/* End XCConfigurationList section */

/* Begin XCSwiftPackageProductDependency section */
		5B62A35127AE822400A19448 /* OpenCC */ = {
			isa = XCSwiftPackageProductDependency;
			productName = OpenCC;
		};
/* End XCSwiftPackageProductDependency section */
	};
	rootObject = 6A0D4E9415FC0CFA00ABF4B3 /* Project object */;
}
